
Microsoft Visual Studio Solution File, Format Version 12.00
# Visual Studio 14
VisualStudioVersion = 14.0.25123.0
MinimumVisualStudioVersion = 10.0.40219.1
Project("{FAE04EC0-301F-11D3-BF4B-00C04F79EFBC}") = "SoftServe", "SoftServe\SoftServe.csproj", "{AF1EB376-0E5B-4C7F-8476-2EA99EFEED62}"
EndProject
Project("{FAE04EC0-301F-11D3-BF4B-00C04F79EFBC}") = "SoftServe.PCL", "SoftServe.PCL\SoftServe.PCL.csproj", "{8EB73B94-2EB2-4FBA-9CC1-1B4EA5EC4A7C}"
EndProject
Global
	GlobalSection(SolutionConfigurationPlatforms) = preSolution
		Ad-Hoc|Any CPU = Ad-Hoc|Any CPU
		Ad-Hoc|ARM = Ad-Hoc|ARM
		Ad-Hoc|iPhone = Ad-Hoc|iPhone
		Ad-Hoc|iPhoneSimulator = Ad-Hoc|iPhoneSimulator
		Ad-Hoc|x64 = Ad-Hoc|x64
		Ad-Hoc|x86 = Ad-Hoc|x86
		AppStore|Any CPU = AppStore|Any CPU
		AppStore|ARM = AppStore|ARM
		AppStore|iPhone = AppStore|iPhone
		AppStore|iPhoneSimulator = AppStore|iPhoneSimulator
		AppStore|x64 = AppStore|x64
		AppStore|x86 = AppStore|x86
		CD_ROM|Any CPU = CD_ROM|Any CPU
		CD_ROM|ARM = CD_ROM|ARM
		CD_ROM|iPhone = CD_ROM|iPhone
		CD_ROM|iPhoneSimulator = CD_ROM|iPhoneSimulator
		CD_ROM|x64 = CD_ROM|x64
		CD_ROM|x86 = CD_ROM|x86
		Debug|Any CPU = Debug|Any CPU
		Debug|ARM = Debug|ARM
		Debug|iPhone = Debug|iPhone
		Debug|iPhoneSimulator = Debug|iPhoneSimulator
		Debug|x64 = Debug|x64
		Debug|x86 = Debug|x86
		DVD-5|Any CPU = DVD-5|Any CPU
		DVD-5|ARM = DVD-5|ARM
		DVD-5|iPhone = DVD-5|iPhone
		DVD-5|iPhoneSimulator = DVD-5|iPhoneSimulator
		DVD-5|x64 = DVD-5|x64
		DVD-5|x86 = DVD-5|x86
		Release|Any CPU = Release|Any CPU
		Release|ARM = Release|ARM
		Release|iPhone = Release|iPhone
		Release|iPhoneSimulator = Release|iPhoneSimulator
		Release|x64 = Release|x64
		Release|x86 = Release|x86
		SingleImage|Any CPU = SingleImage|Any CPU
		SingleImage|ARM = SingleImage|ARM
		SingleImage|iPhone = SingleImage|iPhone
		SingleImage|iPhoneSimulator = SingleImage|iPhoneSimulator
		SingleImage|x64 = SingleImage|x64
		SingleImage|x86 = SingleImage|x86
	EndGlobalSection
	GlobalSection(ProjectConfigurationPlatforms) = postSolution
		{AF1EB376-0E5B-4C7F-8476-2EA99EFEED62}.Ad-Hoc|Any CPU.ActiveCfg = Release|Any CPU
		{AF1EB376-0E5B-4C7F-8476-2EA99EFEED62}.Ad-Hoc|Any CPU.Build.0 = Release|Any CPU
		{AF1EB376-0E5B-4C7F-8476-2EA99EFEED62}.Ad-Hoc|ARM.ActiveCfg = Release|Any CPU
		{AF1EB376-0E5B-4C7F-8476-2EA99EFEED62}.Ad-Hoc|ARM.Build.0 = Release|Any CPU
		{AF1EB376-0E5B-4C7F-8476-2EA99EFEED62}.Ad-Hoc|iPhone.ActiveCfg = Release|Any CPU
		{AF1EB376-0E5B-4C7F-8476-2EA99EFEED62}.Ad-Hoc|iPhone.Build.0 = Release|Any CPU
		{AF1EB376-0E5B-4C7F-8476-2EA99EFEED62}.Ad-Hoc|iPhoneSimulator.ActiveCfg = Release|Any CPU
		{AF1EB376-0E5B-4C7F-8476-2EA99EFEED62}.Ad-Hoc|iPhoneSimulator.Build.0 = Release|Any CPU
		{AF1EB376-0E5B-4C7F-8476-2EA99EFEED62}.Ad-Hoc|x64.ActiveCfg = Release|Any CPU
		{AF1EB376-0E5B-4C7F-8476-2EA99EFEED62}.Ad-Hoc|x64.Build.0 = Release|Any CPU
		{AF1EB376-0E5B-4C7F-8476-2EA99EFEED62}.Ad-Hoc|x86.ActiveCfg = Release|Any CPU
		{AF1EB376-0E5B-4C7F-8476-2EA99EFEED62}.Ad-Hoc|x86.Build.0 = Release|Any CPU
		{AF1EB376-0E5B-4C7F-8476-2EA99EFEED62}.AppStore|Any CPU.ActiveCfg = Release|Any CPU
		{AF1EB376-0E5B-4C7F-8476-2EA99EFEED62}.AppStore|Any CPU.Build.0 = Release|Any CPU
		{AF1EB376-0E5B-4C7F-8476-2EA99EFEED62}.AppStore|ARM.ActiveCfg = Release|Any CPU
		{AF1EB376-0E5B-4C7F-8476-2EA99EFEED62}.AppStore|ARM.Build.0 = Release|Any CPU
		{AF1EB376-0E5B-4C7F-8476-2EA99EFEED62}.AppStore|iPhone.ActiveCfg = Release|Any CPU
		{AF1EB376-0E5B-4C7F-8476-2EA99EFEED62}.AppStore|iPhone.Build.0 = Release|Any CPU
		{AF1EB376-0E5B-4C7F-8476-2EA99EFEED62}.AppStore|iPhoneSimulator.ActiveCfg = Release|Any CPU
		{AF1EB376-0E5B-4C7F-8476-2EA99EFEED62}.AppStore|iPhoneSimulator.Build.0 = Release|Any CPU
		{AF1EB376-0E5B-4C7F-8476-2EA99EFEED62}.AppStore|x64.ActiveCfg = Release|Any CPU
		{AF1EB376-0E5B-4C7F-8476-2EA99EFEED62}.AppStore|x64.Build.0 = Release|Any CPU
		{AF1EB376-0E5B-4C7F-8476-2EA99EFEED62}.AppStore|x86.ActiveCfg = Release|Any CPU
		{AF1EB376-0E5B-4C7F-8476-2EA99EFEED62}.AppStore|x86.Build.0 = Release|Any CPU
		{AF1EB376-0E5B-4C7F-8476-2EA99EFEED62}.CD_ROM|Any CPU.ActiveCfg = Debug|Any CPU
		{AF1EB376-0E5B-4C7F-8476-2EA99EFEED62}.CD_ROM|Any CPU.Build.0 = Debug|Any CPU
		{AF1EB376-0E5B-4C7F-8476-2EA99EFEED62}.CD_ROM|ARM.ActiveCfg = Debug|Any CPU
		{AF1EB376-0E5B-4C7F-8476-2EA99EFEED62}.CD_ROM|ARM.Build.0 = Debug|Any CPU
		{AF1EB376-0E5B-4C7F-8476-2EA99EFEED62}.CD_ROM|iPhone.ActiveCfg = Debug|Any CPU
		{AF1EB376-0E5B-4C7F-8476-2EA99EFEED62}.CD_ROM|iPhone.Build.0 = Debug|Any CPU
		{AF1EB376-0E5B-4C7F-8476-2EA99EFEED62}.CD_ROM|iPhoneSimulator.ActiveCfg = Debug|Any CPU
		{AF1EB376-0E5B-4C7F-8476-2EA99EFEED62}.CD_ROM|iPhoneSimulator.Build.0 = Debug|Any CPU
		{AF1EB376-0E5B-4C7F-8476-2EA99EFEED62}.CD_ROM|x64.ActiveCfg = Debug|Any CPU
		{AF1EB376-0E5B-4C7F-8476-2EA99EFEED62}.CD_ROM|x64.Build.0 = Debug|Any CPU
		{AF1EB376-0E5B-4C7F-8476-2EA99EFEED62}.CD_ROM|x86.ActiveCfg = Debug|Any CPU
		{AF1EB376-0E5B-4C7F-8476-2EA99EFEED62}.CD_ROM|x86.Build.0 = Debug|Any CPU
		{AF1EB376-0E5B-4C7F-8476-2EA99EFEED62}.Debug|Any CPU.ActiveCfg = Debug|Any CPU
		{AF1EB376-0E5B-4C7F-8476-2EA99EFEED62}.Debug|Any CPU.Build.0 = Debug|Any CPU
		{AF1EB376-0E5B-4C7F-8476-2EA99EFEED62}.Debug|ARM.ActiveCfg = Debug|Any CPU
		{AF1EB376-0E5B-4C7F-8476-2EA99EFEED62}.Debug|ARM.Build.0 = Debug|Any CPU
		{AF1EB376-0E5B-4C7F-8476-2EA99EFEED62}.Debug|iPhone.ActiveCfg = Debug|Any CPU
		{AF1EB376-0E5B-4C7F-8476-2EA99EFEED62}.Debug|iPhone.Build.0 = Debug|Any CPU
		{AF1EB376-0E5B-4C7F-8476-2EA99EFEED62}.Debug|iPhoneSimulator.ActiveCfg = Debug|Any CPU
		{AF1EB376-0E5B-4C7F-8476-2EA99EFEED62}.Debug|iPhoneSimulator.Build.0 = Debug|Any CPU
		{AF1EB376-0E5B-4C7F-8476-2EA99EFEED62}.Debug|x64.ActiveCfg = Debug|Any CPU
		{AF1EB376-0E5B-4C7F-8476-2EA99EFEED62}.Debug|x64.Build.0 = Debug|Any CPU
		{AF1EB376-0E5B-4C7F-8476-2EA99EFEED62}.Debug|x86.ActiveCfg = Debug|Any CPU
		{AF1EB376-0E5B-4C7F-8476-2EA99EFEED62}.Debug|x86.Build.0 = Debug|Any CPU
		{AF1EB376-0E5B-4C7F-8476-2EA99EFEED62}.DVD-5|Any CPU.ActiveCfg = Debug|Any CPU
		{AF1EB376-0E5B-4C7F-8476-2EA99EFEED62}.DVD-5|Any CPU.Build.0 = Debug|Any CPU
		{AF1EB376-0E5B-4C7F-8476-2EA99EFEED62}.DVD-5|ARM.ActiveCfg = Debug|Any CPU
		{AF1EB376-0E5B-4C7F-8476-2EA99EFEED62}.DVD-5|ARM.Build.0 = Debug|Any CPU
		{AF1EB376-0E5B-4C7F-8476-2EA99EFEED62}.DVD-5|iPhone.ActiveCfg = Debug|Any CPU
		{AF1EB376-0E5B-4C7F-8476-2EA99EFEED62}.DVD-5|iPhone.Build.0 = Debug|Any CPU
		{AF1EB376-0E5B-4C7F-8476-2EA99EFEED62}.DVD-5|iPhoneSimulator.ActiveCfg = Debug|Any CPU
		{AF1EB376-0E5B-4C7F-8476-2EA99EFEED62}.DVD-5|iPhoneSimulator.Build.0 = Debug|Any CPU
		{AF1EB376-0E5B-4C7F-8476-2EA99EFEED62}.DVD-5|x64.ActiveCfg = Debug|Any CPU
		{AF1EB376-0E5B-4C7F-8476-2EA99EFEED62}.DVD-5|x64.Build.0 = Debug|Any CPU
		{AF1EB376-0E5B-4C7F-8476-2EA99EFEED62}.DVD-5|x86.ActiveCfg = Debug|Any CPU
		{AF1EB376-0E5B-4C7F-8476-2EA99EFEED62}.DVD-5|x86.Build.0 = Debug|Any CPU
		{AF1EB376-0E5B-4C7F-8476-2EA99EFEED62}.Release|Any CPU.ActiveCfg = Release|Any CPU
		{AF1EB376-0E5B-4C7F-8476-2EA99EFEED62}.Release|Any CPU.Build.0 = Release|Any CPU
		{AF1EB376-0E5B-4C7F-8476-2EA99EFEED62}.Release|ARM.ActiveCfg = Release|Any CPU
		{AF1EB376-0E5B-4C7F-8476-2EA99EFEED62}.Release|ARM.Build.0 = Release|Any CPU
		{AF1EB376-0E5B-4C7F-8476-2EA99EFEED62}.Release|iPhone.ActiveCfg = Release|Any CPU
		{AF1EB376-0E5B-4C7F-8476-2EA99EFEED62}.Release|iPhone.Build.0 = Release|Any CPU
		{AF1EB376-0E5B-4C7F-8476-2EA99EFEED62}.Release|iPhoneSimulator.ActiveCfg = Release|Any CPU
		{AF1EB376-0E5B-4C7F-8476-2EA99EFEED62}.Release|iPhoneSimulator.Build.0 = Release|Any CPU
		{AF1EB376-0E5B-4C7F-8476-2EA99EFEED62}.Release|x64.ActiveCfg = Release|Any CPU
		{AF1EB376-0E5B-4C7F-8476-2EA99EFEED62}.Release|x64.Build.0 = Release|Any CPU
		{AF1EB376-0E5B-4C7F-8476-2EA99EFEED62}.Release|x86.ActiveCfg = Release|Any CPU
		{AF1EB376-0E5B-4C7F-8476-2EA99EFEED62}.Release|x86.Build.0 = Release|Any CPU
		{AF1EB376-0E5B-4C7F-8476-2EA99EFEED62}.SingleImage|Any CPU.ActiveCfg = Debug|Any CPU
		{AF1EB376-0E5B-4C7F-8476-2EA99EFEED62}.SingleImage|Any CPU.Build.0 = Debug|Any CPU
		{AF1EB376-0E5B-4C7F-8476-2EA99EFEED62}.SingleImage|ARM.ActiveCfg = Debug|Any CPU
		{AF1EB376-0E5B-4C7F-8476-2EA99EFEED62}.SingleImage|ARM.Build.0 = Debug|Any CPU
		{AF1EB376-0E5B-4C7F-8476-2EA99EFEED62}.SingleImage|iPhone.ActiveCfg = Debug|Any CPU
		{AF1EB376-0E5B-4C7F-8476-2EA99EFEED62}.SingleImage|iPhone.Build.0 = Debug|Any CPU
		{AF1EB376-0E5B-4C7F-8476-2EA99EFEED62}.SingleImage|iPhoneSimulator.ActiveCfg = Debug|Any CPU
		{AF1EB376-0E5B-4C7F-8476-2EA99EFEED62}.SingleImage|iPhoneSimulator.Build.0 = Debug|Any CPU
		{AF1EB376-0E5B-4C7F-8476-2EA99EFEED62}.SingleImage|x64.ActiveCfg = Debug|Any CPU
		{AF1EB376-0E5B-4C7F-8476-2EA99EFEED62}.SingleImage|x64.Build.0 = Debug|Any CPU
		{AF1EB376-0E5B-4C7F-8476-2EA99EFEED62}.SingleImage|x86.ActiveCfg = Debug|Any CPU
		{AF1EB376-0E5B-4C7F-8476-2EA99EFEED62}.SingleImage|x86.Build.0 = Debug|Any CPU
		{8EB73B94-2EB2-4FBA-9CC1-1B4EA5EC4A7C}.Ad-Hoc|Any CPU.ActiveCfg = Release|Any CPU
		{8EB73B94-2EB2-4FBA-9CC1-1B4EA5EC4A7C}.Ad-Hoc|Any CPU.Build.0 = Release|Any CPU
		{8EB73B94-2EB2-4FBA-9CC1-1B4EA5EC4A7C}.Ad-Hoc|ARM.ActiveCfg = Release|Any CPU
		{8EB73B94-2EB2-4FBA-9CC1-1B4EA5EC4A7C}.Ad-Hoc|ARM.Build.0 = Release|Any CPU
		{8EB73B94-2EB2-4FBA-9CC1-1B4EA5EC4A7C}.Ad-Hoc|iPhone.ActiveCfg = Release|Any CPU
		{8EB73B94-2EB2-4FBA-9CC1-1B4EA5EC4A7C}.Ad-Hoc|iPhone.Build.0 = Release|Any CPU
		{8EB73B94-2EB2-4FBA-9CC1-1B4EA5EC4A7C}.Ad-Hoc|iPhoneSimulator.ActiveCfg = Release|Any CPU
		{8EB73B94-2EB2-4FBA-9CC1-1B4EA5EC4A7C}.Ad-Hoc|iPhoneSimulator.Build.0 = Release|Any CPU
		{8EB73B94-2EB2-4FBA-9CC1-1B4EA5EC4A7C}.Ad-Hoc|x64.ActiveCfg = Release|Any CPU
		{8EB73B94-2EB2-4FBA-9CC1-1B4EA5EC4A7C}.Ad-Hoc|x64.Build.0 = Release|Any CPU
		{8EB73B94-2EB2-4FBA-9CC1-1B4EA5EC4A7C}.Ad-Hoc|x86.ActiveCfg = Release|Any CPU
		{8EB73B94-2EB2-4FBA-9CC1-1B4EA5EC4A7C}.Ad-Hoc|x86.Build.0 = Release|Any CPU
		{8EB73B94-2EB2-4FBA-9CC1-1B4EA5EC4A7C}.AppStore|Any CPU.ActiveCfg = Release|Any CPU
		{8EB73B94-2EB2-4FBA-9CC1-1B4EA5EC4A7C}.AppStore|Any CPU.Build.0 = Release|Any CPU
		{8EB73B94-2EB2-4FBA-9CC1-1B4EA5EC4A7C}.AppStore|ARM.ActiveCfg = Release|Any CPU
		{8EB73B94-2EB2-4FBA-9CC1-1B4EA5EC4A7C}.AppStore|ARM.Build.0 = Release|Any CPU
		{8EB73B94-2EB2-4FBA-9CC1-1B4EA5EC4A7C}.AppStore|iPhone.ActiveCfg = Release|Any CPU
		{8EB73B94-2EB2-4FBA-9CC1-1B4EA5EC4A7C}.AppStore|iPhone.Build.0 = Release|Any CPU
		{8EB73B94-2EB2-4FBA-9CC1-1B4EA5EC4A7C}.AppStore|iPhoneSimulator.ActiveCfg = Release|Any CPU
		{8EB73B94-2EB2-4FBA-9CC1-1B4EA5EC4A7C}.AppStore|iPhoneSimulator.Build.0 = Release|Any CPU
		{8EB73B94-2EB2-4FBA-9CC1-1B4EA5EC4A7C}.AppStore|x64.ActiveCfg = Release|Any CPU
		{8EB73B94-2EB2-4FBA-9CC1-1B4EA5EC4A7C}.AppStore|x64.Build.0 = Release|Any CPU
		{8EB73B94-2EB2-4FBA-9CC1-1B4EA5EC4A7C}.AppStore|x86.ActiveCfg = Release|Any CPU
		{8EB73B94-2EB2-4FBA-9CC1-1B4EA5EC4A7C}.AppStore|x86.Build.0 = Release|Any CPU
		{8EB73B94-2EB2-4FBA-9CC1-1B4EA5EC4A7C}.CD_ROM|Any CPU.ActiveCfg = Debug|Any CPU
		{8EB73B94-2EB2-4FBA-9CC1-1B4EA5EC4A7C}.CD_ROM|Any CPU.Build.0 = Debug|Any CPU
		{8EB73B94-2EB2-4FBA-9CC1-1B4EA5EC4A7C}.CD_ROM|ARM.ActiveCfg = Debug|Any CPU
		{8EB73B94-2EB2-4FBA-9CC1-1B4EA5EC4A7C}.CD_ROM|ARM.Build.0 = Debug|Any CPU
		{8EB73B94-2EB2-4FBA-9CC1-1B4EA5EC4A7C}.CD_ROM|iPhone.ActiveCfg = Debug|Any CPU
		{8EB73B94-2EB2-4FBA-9CC1-1B4EA5EC4A7C}.CD_ROM|iPhone.Build.0 = Debug|Any CPU
		{8EB73B94-2EB2-4FBA-9CC1-1B4EA5EC4A7C}.CD_ROM|iPhoneSimulator.ActiveCfg = Debug|Any CPU
		{8EB73B94-2EB2-4FBA-9CC1-1B4EA5EC4A7C}.CD_ROM|iPhoneSimulator.Build.0 = Debug|Any CPU
		{8EB73B94-2EB2-4FBA-9CC1-1B4EA5EC4A7C}.CD_ROM|x64.ActiveCfg = Debug|Any CPU
		{8EB73B94-2EB2-4FBA-9CC1-1B4EA5EC4A7C}.CD_ROM|x64.Build.0 = Debug|Any CPU
		{8EB73B94-2EB2-4FBA-9CC1-1B4EA5EC4A7C}.CD_ROM|x86.ActiveCfg = Debug|Any CPU
		{8EB73B94-2EB2-4FBA-9CC1-1B4EA5EC4A7C}.CD_ROM|x86.Build.0 = Debug|Any CPU
		{8EB73B94-2EB2-4FBA-9CC1-1B4EA5EC4A7C}.Debug|Any CPU.ActiveCfg = Debug|Any CPU
		{8EB73B94-2EB2-4FBA-9CC1-1B4EA5EC4A7C}.Debug|Any CPU.Build.0 = Debug|Any CPU
		{8EB73B94-2EB2-4FBA-9CC1-1B4EA5EC4A7C}.Debug|ARM.ActiveCfg = Debug|Any CPU
		{8EB73B94-2EB2-4FBA-9CC1-1B4EA5EC4A7C}.Debug|ARM.Build.0 = Debug|Any CPU
		{8EB73B94-2EB2-4FBA-9CC1-1B4EA5EC4A7C}.Debug|iPhone.ActiveCfg = Debug|Any CPU
		{8EB73B94-2EB2-4FBA-9CC1-1B4EA5EC4A7C}.Debug|iPhone.Build.0 = Debug|Any CPU
		{8EB73B94-2EB2-4FBA-9CC1-1B4EA5EC4A7C}.Debug|iPhoneSimulator.ActiveCfg = Debug|Any CPU
		{8EB73B94-2EB2-4FBA-9CC1-1B4EA5EC4A7C}.Debug|iPhoneSimulator.Build.0 = Debug|Any CPU
		{8EB73B94-2EB2-4FBA-9CC1-1B4EA5EC4A7C}.Debug|x64.ActiveCfg = Debug|Any CPU
		{8EB73B94-2EB2-4FBA-9CC1-1B4EA5EC4A7C}.Debug|x64.Build.0 = Debug|Any CPU
		{8EB73B94-2EB2-4FBA-9CC1-1B4EA5EC4A7C}.Debug|x86.ActiveCfg = Debug|Any CPU
		{8EB73B94-2EB2-4FBA-9CC1-1B4EA5EC4A7C}.Debug|x86.Build.0 = Debug|Any CPU
		{8EB73B94-2EB2-4FBA-9CC1-1B4EA5EC4A7C}.DVD-5|Any CPU.ActiveCfg = Debug|Any CPU
		{8EB73B94-2EB2-4FBA-9CC1-1B4EA5EC4A7C}.DVD-5|Any CPU.Build.0 = Debug|Any CPU
		{8EB73B94-2EB2-4FBA-9CC1-1B4EA5EC4A7C}.DVD-5|ARM.ActiveCfg = Debug|Any CPU
		{8EB73B94-2EB2-4FBA-9CC1-1B4EA5EC4A7C}.DVD-5|ARM.Build.0 = Debug|Any CPU
		{8EB73B94-2EB2-4FBA-9CC1-1B4EA5EC4A7C}.DVD-5|iPhone.ActiveCfg = Debug|Any CPU
		{8EB73B94-2EB2-4FBA-9CC1-1B4EA5EC4A7C}.DVD-5|iPhone.Build.0 = Debug|Any CPU
		{8EB73B94-2EB2-4FBA-9CC1-1B4EA5EC4A7C}.DVD-5|iPhoneSimulator.ActiveCfg = Debug|Any CPU
		{8EB73B94-2EB2-4FBA-9CC1-1B4EA5EC4A7C}.DVD-5|iPhoneSimulator.Build.0 = Debug|Any CPU
		{8EB73B94-2EB2-4FBA-9CC1-1B4EA5EC4A7C}.DVD-5|x64.ActiveCfg = Debug|Any CPU
		{8EB73B94-2EB2-4FBA-9CC1-1B4EA5EC4A7C}.DVD-5|x64.Build.0 = Debug|Any CPU
		{8EB73B94-2EB2-4FBA-9CC1-1B4EA5EC4A7C}.DVD-5|x86.ActiveCfg = Debug|Any CPU
		{8EB73B94-2EB2-4FBA-9CC1-1B4EA5EC4A7C}.DVD-5|x86.Build.0 = Debug|Any CPU
		{8EB73B94-2EB2-4FBA-9CC1-1B4EA5EC4A7C}.Release|Any CPU.ActiveCfg = Release|Any CPU
		{8EB73B94-2EB2-4FBA-9CC1-1B4EA5EC4A7C}.Release|Any CPU.Build.0 = Release|Any CPU
		{8EB73B94-2EB2-4FBA-9CC1-1B4EA5EC4A7C}.Release|ARM.ActiveCfg = Release|Any CPU
		{8EB73B94-2EB2-4FBA-9CC1-1B4EA5EC4A7C}.Release|ARM.Build.0 = Release|Any CPU
		{8EB73B94-2EB2-4FBA-9CC1-1B4EA5EC4A7C}.Release|iPhone.ActiveCfg = Release|Any CPU
		{8EB73B94-2EB2-4FBA-9CC1-1B4EA5EC4A7C}.Release|iPhone.Build.0 = Release|Any CPU
		{8EB73B94-2EB2-4FBA-9CC1-1B4EA5EC4A7C}.Release|iPhoneSimulator.ActiveCfg = Release|Any CPU
		{8EB73B94-2EB2-4FBA-9CC1-1B4EA5EC4A7C}.Release|iPhoneSimulator.Build.0 = Release|Any CPU
		{8EB73B94-2EB2-4FBA-9CC1-1B4EA5EC4A7C}.Release|x64.ActiveCfg = Release|Any CPU
		{8EB73B94-2EB2-4FBA-9CC1-1B4EA5EC4A7C}.Release|x64.Build.0 = Release|Any CPU
		{8EB73B94-2EB2-4FBA-9CC1-1B4EA5EC4A7C}.Release|x86.ActiveCfg = Release|Any CPU
		{8EB73B94-2EB2-4FBA-9CC1-1B4EA5EC4A7C}.Release|x86.Build.0 = Release|Any CPU
		{8EB73B94-2EB2-4FBA-9CC1-1B4EA5EC4A7C}.SingleImage|Any CPU.ActiveCfg = Debug|Any CPU
		{8EB73B94-2EB2-4FBA-9CC1-1B4EA5EC4A7C}.SingleImage|Any CPU.Build.0 = Debug|Any CPU
		{8EB73B94-2EB2-4FBA-9CC1-1B4EA5EC4A7C}.SingleImage|ARM.ActiveCfg = Debug|Any CPU
		{8EB73B94-2EB2-4FBA-9CC1-1B4EA5EC4A7C}.SingleImage|ARM.Build.0 = Debug|Any CPU
		{8EB73B94-2EB2-4FBA-9CC1-1B4EA5EC4A7C}.SingleImage|iPhone.ActiveCfg = Debug|Any CPU
		{8EB73B94-2EB2-4FBA-9CC1-1B4EA5EC4A7C}.SingleImage|iPhone.Build.0 = Debug|Any CPU
		{8EB73B94-2EB2-4FBA-9CC1-1B4EA5EC4A7C}.SingleImage|iPhoneSimulator.ActiveCfg = Debug|Any CPU
		{8EB73B94-2EB2-4FBA-9CC1-1B4EA5EC4A7C}.SingleImage|iPhoneSimulator.Build.0 = Debug|Any CPU
		{8EB73B94-2EB2-4FBA-9CC1-1B4EA5EC4A7C}.SingleImage|x64.ActiveCfg = Debug|Any CPU
		{8EB73B94-2EB2-4FBA-9CC1-1B4EA5EC4A7C}.SingleImage|x64.Build.0 = Debug|Any CPU
		{8EB73B94-2EB2-4FBA-9CC1-1B4EA5EC4A7C}.SingleImage|x86.ActiveCfg = Debug|Any CPU
		{8EB73B94-2EB2-4FBA-9CC1-1B4EA5EC4A7C}.SingleImage|x86.Build.0 = Debug|Any CPU
	EndGlobalSection
	GlobalSection(SolutionProperties) = preSolution
		HideSolutionNode = FALSE
	EndGlobalSection
EndGlobal
