
Microsoft Visual Studio Solution File, Format Version 12.00
# Visual Studio 14
VisualStudioVersion = 14.0.25420.1
MinimumVisualStudioVersion = 10.0.40219.1
Project("{FAE04EC0-301F-11D3-BF4B-00C04F79EFBC}") = "SoftServe", "SoftServe\SoftServe.csproj", "{AF1EB376-0E5B-4C7F-8476-2EA99EFEED62}"
EndProject
Project("{FAE04EC0-301F-11D3-BF4B-00C04F79EFBC}") = "SoftServe.PCL", "SoftServe.PCL\SoftServe.PCL.csproj", "{8EB73B94-2EB2-4FBA-9CC1-1B4EA5EC4A7C}"
EndProject
Project("{FAE04EC0-301F-11D3-BF4B-00C04F79EFBC}") = "SpotifyAPI", "SpotifyAPI\SpotifyAPI.csproj", "{EBBE35E2-7B91-4D7D-B8FC-3A0472F5119D}"
EndProject
Project("{2150E333-8FDC-42A3-9474-1A3956D46DE8}") = "Server", "Server", "{831F2414-5061-48ED-BC95-30250C5089F3}"
EndProject
Project("{2150E333-8FDC-42A3-9474-1A3956D46DE8}") = "Clients", "Clients", "{DE87D479-77EA-4A0D-86FA-2882D7E25F40}"
EndProject
Project("{FAE04EC0-301F-11D3-BF4B-00C04F79EFBC}") = "WaferCone.Droid", "Clients\WaferCone\WaferCone.Droid\WaferCone.Droid.csproj", "{B14329C7-440F-4BD4-A1E7-42EC5CD892C9}"
EndProject
Project("{FAE04EC0-301F-11D3-BF4B-00C04F79EFBC}") = "WaferCone.iOS", "Clients\WaferCone\WaferCone.iOS\WaferCone.iOS.csproj", "{4464189F-BC1A-4976-91A6-169457601624}"
EndProject
Project("{FAE04EC0-301F-11D3-BF4B-00C04F79EFBC}") = "WaferCone.WinPhone", "Clients\WaferCone\WaferCone.WinPhone\WaferCone.WinPhone.csproj", "{0A2D56EE-CB3E-4202-B70E-42FFFC78E37D}"
EndProject
Project("{FAE04EC0-301F-11D3-BF4B-00C04F79EFBC}") = "WaferCone.UWP", "Clients\WaferCone\WaferCone.UWP\WaferCone.UWP.csproj", "{39D30E53-EDD4-4596-8614-BBD9A1645E86}"
EndProject
Project("{FAE04EC0-301F-11D3-BF4B-00C04F79EFBC}") = "WaferCone.Windows", "Clients\WaferCone\WaferCone.Windows\WaferCone.Windows.csproj", "{FA3E7D44-12F5-4656-9814-75234814C4FE}"
EndProject
Project("{FAE04EC0-301F-11D3-BF4B-00C04F79EFBC}") = "WaferCone", "Clients\WaferCone\WaferCone\WaferCone.csproj", "{9C7F93F1-DC86-43BB-A8A6-3CADCE4417C5}"
EndProject
Global
	GlobalSection(SolutionConfigurationPlatforms) = preSolution
		Ad-Hoc|Any CPU = Ad-Hoc|Any CPU
		Ad-Hoc|ARM = Ad-Hoc|ARM
		Ad-Hoc|iPhone = Ad-Hoc|iPhone
		Ad-Hoc|iPhoneSimulator = Ad-Hoc|iPhoneSimulator
		Ad-Hoc|x64 = Ad-Hoc|x64
		Ad-Hoc|x86 = Ad-Hoc|x86
		AppStore|Any CPU = AppStore|Any CPU
		AppStore|ARM = AppStore|ARM
		AppStore|iPhone = AppStore|iPhone
		AppStore|iPhoneSimulator = AppStore|iPhoneSimulator
		AppStore|x64 = AppStore|x64
		AppStore|x86 = AppStore|x86
		Debug|Any CPU = Debug|Any CPU
		Debug|ARM = Debug|ARM
		Debug|iPhone = Debug|iPhone
		Debug|iPhoneSimulator = Debug|iPhoneSimulator
		Debug|x64 = Debug|x64
		Debug|x86 = Debug|x86
		Release|Any CPU = Release|Any CPU
		Release|ARM = Release|ARM
		Release|iPhone = Release|iPhone
		Release|iPhoneSimulator = Release|iPhoneSimulator
		Release|x64 = Release|x64
		Release|x86 = Release|x86
	EndGlobalSection
	GlobalSection(ProjectConfigurationPlatforms) = postSolution
		{AF1EB376-0E5B-4C7F-8476-2EA99EFEED62}.Ad-Hoc|Any CPU.ActiveCfg = Release|Any CPU
		{AF1EB376-0E5B-4C7F-8476-2EA99EFEED62}.Ad-Hoc|Any CPU.Build.0 = Release|Any CPU
		{AF1EB376-0E5B-4C7F-8476-2EA99EFEED62}.Ad-Hoc|ARM.ActiveCfg = Release|Any CPU
		{AF1EB376-0E5B-4C7F-8476-2EA99EFEED62}.Ad-Hoc|ARM.Build.0 = Release|Any CPU
		{AF1EB376-0E5B-4C7F-8476-2EA99EFEED62}.Ad-Hoc|iPhone.ActiveCfg = Release|Any CPU
		{AF1EB376-0E5B-4C7F-8476-2EA99EFEED62}.Ad-Hoc|iPhone.Build.0 = Release|Any CPU
		{AF1EB376-0E5B-4C7F-8476-2EA99EFEED62}.Ad-Hoc|iPhoneSimulator.ActiveCfg = Release|Any CPU
		{AF1EB376-0E5B-4C7F-8476-2EA99EFEED62}.Ad-Hoc|iPhoneSimulator.Build.0 = Release|Any CPU
		{AF1EB376-0E5B-4C7F-8476-2EA99EFEED62}.Ad-Hoc|x64.ActiveCfg = Release|Any CPU
		{AF1EB376-0E5B-4C7F-8476-2EA99EFEED62}.Ad-Hoc|x64.Build.0 = Release|Any CPU
		{AF1EB376-0E5B-4C7F-8476-2EA99EFEED62}.Ad-Hoc|x86.ActiveCfg = Release|Any CPU
		{AF1EB376-0E5B-4C7F-8476-2EA99EFEED62}.Ad-Hoc|x86.Build.0 = Release|Any CPU
		{AF1EB376-0E5B-4C7F-8476-2EA99EFEED62}.AppStore|Any CPU.ActiveCfg = Release|Any CPU
		{AF1EB376-0E5B-4C7F-8476-2EA99EFEED62}.AppStore|Any CPU.Build.0 = Release|Any CPU
		{AF1EB376-0E5B-4C7F-8476-2EA99EFEED62}.AppStore|ARM.ActiveCfg = Release|Any CPU
		{AF1EB376-0E5B-4C7F-8476-2EA99EFEED62}.AppStore|ARM.Build.0 = Release|Any CPU
		{AF1EB376-0E5B-4C7F-8476-2EA99EFEED62}.AppStore|iPhone.ActiveCfg = Release|Any CPU
		{AF1EB376-0E5B-4C7F-8476-2EA99EFEED62}.AppStore|iPhone.Build.0 = Release|Any CPU
		{AF1EB376-0E5B-4C7F-8476-2EA99EFEED62}.AppStore|iPhoneSimulator.ActiveCfg = Release|Any CPU
		{AF1EB376-0E5B-4C7F-8476-2EA99EFEED62}.AppStore|iPhoneSimulator.Build.0 = Release|Any CPU
		{AF1EB376-0E5B-4C7F-8476-2EA99EFEED62}.AppStore|x64.ActiveCfg = Release|Any CPU
		{AF1EB376-0E5B-4C7F-8476-2EA99EFEED62}.AppStore|x64.Build.0 = Release|Any CPU
		{AF1EB376-0E5B-4C7F-8476-2EA99EFEED62}.AppStore|x86.ActiveCfg = Release|Any CPU
		{AF1EB376-0E5B-4C7F-8476-2EA99EFEED62}.AppStore|x86.Build.0 = Release|Any CPU
		{AF1EB376-0E5B-4C7F-8476-2EA99EFEED62}.Debug|Any CPU.ActiveCfg = Debug|Any CPU
		{AF1EB376-0E5B-4C7F-8476-2EA99EFEED62}.Debug|Any CPU.Build.0 = Debug|Any CPU
		{AF1EB376-0E5B-4C7F-8476-2EA99EFEED62}.Debug|Any CPU.Deploy.0 = Debug|Any CPU
		{AF1EB376-0E5B-4C7F-8476-2EA99EFEED62}.Debug|ARM.ActiveCfg = Debug|Any CPU
		{AF1EB376-0E5B-4C7F-8476-2EA99EFEED62}.Debug|ARM.Build.0 = Debug|Any CPU
		{AF1EB376-0E5B-4C7F-8476-2EA99EFEED62}.Debug|iPhone.ActiveCfg = Debug|Any CPU
		{AF1EB376-0E5B-4C7F-8476-2EA99EFEED62}.Debug|iPhone.Build.0 = Debug|Any CPU
		{AF1EB376-0E5B-4C7F-8476-2EA99EFEED62}.Debug|iPhoneSimulator.ActiveCfg = Debug|Any CPU
		{AF1EB376-0E5B-4C7F-8476-2EA99EFEED62}.Debug|iPhoneSimulator.Build.0 = Debug|Any CPU
		{AF1EB376-0E5B-4C7F-8476-2EA99EFEED62}.Debug|x64.ActiveCfg = Debug|Any CPU
		{AF1EB376-0E5B-4C7F-8476-2EA99EFEED62}.Debug|x64.Build.0 = Debug|Any CPU
		{AF1EB376-0E5B-4C7F-8476-2EA99EFEED62}.Debug|x86.ActiveCfg = Debug|Any CPU
		{AF1EB376-0E5B-4C7F-8476-2EA99EFEED62}.Debug|x86.Build.0 = Debug|Any CPU
		{AF1EB376-0E5B-4C7F-8476-2EA99EFEED62}.Release|Any CPU.ActiveCfg = Release|Any CPU
		{AF1EB376-0E5B-4C7F-8476-2EA99EFEED62}.Release|Any CPU.Build.0 = Release|Any CPU
		{AF1EB376-0E5B-4C7F-8476-2EA99EFEED62}.Release|ARM.ActiveCfg = Release|Any CPU
		{AF1EB376-0E5B-4C7F-8476-2EA99EFEED62}.Release|ARM.Build.0 = Release|Any CPU
		{AF1EB376-0E5B-4C7F-8476-2EA99EFEED62}.Release|iPhone.ActiveCfg = Release|Any CPU
		{AF1EB376-0E5B-4C7F-8476-2EA99EFEED62}.Release|iPhone.Build.0 = Release|Any CPU
		{AF1EB376-0E5B-4C7F-8476-2EA99EFEED62}.Release|iPhoneSimulator.ActiveCfg = Release|Any CPU
		{AF1EB376-0E5B-4C7F-8476-2EA99EFEED62}.Release|iPhoneSimulator.Build.0 = Release|Any CPU
		{AF1EB376-0E5B-4C7F-8476-2EA99EFEED62}.Release|x64.ActiveCfg = Release|Any CPU
		{AF1EB376-0E5B-4C7F-8476-2EA99EFEED62}.Release|x64.Build.0 = Release|Any CPU
		{AF1EB376-0E5B-4C7F-8476-2EA99EFEED62}.Release|x86.ActiveCfg = Release|Any CPU
		{AF1EB376-0E5B-4C7F-8476-2EA99EFEED62}.Release|x86.Build.0 = Release|Any CPU
		{8EB73B94-2EB2-4FBA-9CC1-1B4EA5EC4A7C}.Ad-Hoc|Any CPU.ActiveCfg = Release|Any CPU
		{8EB73B94-2EB2-4FBA-9CC1-1B4EA5EC4A7C}.Ad-Hoc|Any CPU.Build.0 = Release|Any CPU
		{8EB73B94-2EB2-4FBA-9CC1-1B4EA5EC4A7C}.Ad-Hoc|ARM.ActiveCfg = Release|Any CPU
		{8EB73B94-2EB2-4FBA-9CC1-1B4EA5EC4A7C}.Ad-Hoc|ARM.Build.0 = Release|Any CPU
		{8EB73B94-2EB2-4FBA-9CC1-1B4EA5EC4A7C}.Ad-Hoc|iPhone.ActiveCfg = Release|Any CPU
		{8EB73B94-2EB2-4FBA-9CC1-1B4EA5EC4A7C}.Ad-Hoc|iPhone.Build.0 = Release|Any CPU
		{8EB73B94-2EB2-4FBA-9CC1-1B4EA5EC4A7C}.Ad-Hoc|iPhoneSimulator.ActiveCfg = Release|Any CPU
		{8EB73B94-2EB2-4FBA-9CC1-1B4EA5EC4A7C}.Ad-Hoc|iPhoneSimulator.Build.0 = Release|Any CPU
		{8EB73B94-2EB2-4FBA-9CC1-1B4EA5EC4A7C}.Ad-Hoc|x64.ActiveCfg = Release|Any CPU
		{8EB73B94-2EB2-4FBA-9CC1-1B4EA5EC4A7C}.Ad-Hoc|x64.Build.0 = Release|Any CPU
		{8EB73B94-2EB2-4FBA-9CC1-1B4EA5EC4A7C}.Ad-Hoc|x86.ActiveCfg = Release|Any CPU
		{8EB73B94-2EB2-4FBA-9CC1-1B4EA5EC4A7C}.Ad-Hoc|x86.Build.0 = Release|Any CPU
		{8EB73B94-2EB2-4FBA-9CC1-1B4EA5EC4A7C}.AppStore|Any CPU.ActiveCfg = Release|Any CPU
		{8EB73B94-2EB2-4FBA-9CC1-1B4EA5EC4A7C}.AppStore|Any CPU.Build.0 = Release|Any CPU
		{8EB73B94-2EB2-4FBA-9CC1-1B4EA5EC4A7C}.AppStore|ARM.ActiveCfg = Release|Any CPU
		{8EB73B94-2EB2-4FBA-9CC1-1B4EA5EC4A7C}.AppStore|ARM.Build.0 = Release|Any CPU
		{8EB73B94-2EB2-4FBA-9CC1-1B4EA5EC4A7C}.AppStore|iPhone.ActiveCfg = Release|Any CPU
		{8EB73B94-2EB2-4FBA-9CC1-1B4EA5EC4A7C}.AppStore|iPhone.Build.0 = Release|Any CPU
		{8EB73B94-2EB2-4FBA-9CC1-1B4EA5EC4A7C}.AppStore|iPhoneSimulator.ActiveCfg = Release|Any CPU
		{8EB73B94-2EB2-4FBA-9CC1-1B4EA5EC4A7C}.AppStore|iPhoneSimulator.Build.0 = Release|Any CPU
		{8EB73B94-2EB2-4FBA-9CC1-1B4EA5EC4A7C}.AppStore|x64.ActiveCfg = Release|Any CPU
		{8EB73B94-2EB2-4FBA-9CC1-1B4EA5EC4A7C}.AppStore|x64.Build.0 = Release|Any CPU
		{8EB73B94-2EB2-4FBA-9CC1-1B4EA5EC4A7C}.AppStore|x86.ActiveCfg = Release|Any CPU
		{8EB73B94-2EB2-4FBA-9CC1-1B4EA5EC4A7C}.AppStore|x86.Build.0 = Release|Any CPU
		{8EB73B94-2EB2-4FBA-9CC1-1B4EA5EC4A7C}.Debug|Any CPU.ActiveCfg = Debug|Any CPU
		{8EB73B94-2EB2-4FBA-9CC1-1B4EA5EC4A7C}.Debug|Any CPU.Build.0 = Debug|Any CPU
		{8EB73B94-2EB2-4FBA-9CC1-1B4EA5EC4A7C}.Debug|ARM.ActiveCfg = Debug|Any CPU
		{8EB73B94-2EB2-4FBA-9CC1-1B4EA5EC4A7C}.Debug|ARM.Build.0 = Debug|Any CPU
		{8EB73B94-2EB2-4FBA-9CC1-1B4EA5EC4A7C}.Debug|iPhone.ActiveCfg = Debug|Any CPU
		{8EB73B94-2EB2-4FBA-9CC1-1B4EA5EC4A7C}.Debug|iPhone.Build.0 = Debug|Any CPU
		{8EB73B94-2EB2-4FBA-9CC1-1B4EA5EC4A7C}.Debug|iPhoneSimulator.ActiveCfg = Debug|Any CPU
		{8EB73B94-2EB2-4FBA-9CC1-1B4EA5EC4A7C}.Debug|iPhoneSimulator.Build.0 = Debug|Any CPU
		{8EB73B94-2EB2-4FBA-9CC1-1B4EA5EC4A7C}.Debug|x64.ActiveCfg = Debug|Any CPU
		{8EB73B94-2EB2-4FBA-9CC1-1B4EA5EC4A7C}.Debug|x64.Build.0 = Debug|Any CPU
		{8EB73B94-2EB2-4FBA-9CC1-1B4EA5EC4A7C}.Debug|x86.ActiveCfg = Debug|Any CPU
		{8EB73B94-2EB2-4FBA-9CC1-1B4EA5EC4A7C}.Debug|x86.Build.0 = Debug|Any CPU
		{8EB73B94-2EB2-4FBA-9CC1-1B4EA5EC4A7C}.Release|Any CPU.ActiveCfg = Release|Any CPU
		{8EB73B94-2EB2-4FBA-9CC1-1B4EA5EC4A7C}.Release|Any CPU.Build.0 = Release|Any CPU
		{8EB73B94-2EB2-4FBA-9CC1-1B4EA5EC4A7C}.Release|ARM.ActiveCfg = Release|Any CPU
		{8EB73B94-2EB2-4FBA-9CC1-1B4EA5EC4A7C}.Release|ARM.Build.0 = Release|Any CPU
		{8EB73B94-2EB2-4FBA-9CC1-1B4EA5EC4A7C}.Release|iPhone.ActiveCfg = Release|Any CPU
		{8EB73B94-2EB2-4FBA-9CC1-1B4EA5EC4A7C}.Release|iPhone.Build.0 = Release|Any CPU
		{8EB73B94-2EB2-4FBA-9CC1-1B4EA5EC4A7C}.Release|iPhoneSimulator.ActiveCfg = Release|Any CPU
		{8EB73B94-2EB2-4FBA-9CC1-1B4EA5EC4A7C}.Release|iPhoneSimulator.Build.0 = Release|Any CPU
		{8EB73B94-2EB2-4FBA-9CC1-1B4EA5EC4A7C}.Release|x64.ActiveCfg = Release|Any CPU
		{8EB73B94-2EB2-4FBA-9CC1-1B4EA5EC4A7C}.Release|x64.Build.0 = Release|Any CPU
		{8EB73B94-2EB2-4FBA-9CC1-1B4EA5EC4A7C}.Release|x86.ActiveCfg = Release|Any CPU
		{8EB73B94-2EB2-4FBA-9CC1-1B4EA5EC4A7C}.Release|x86.Build.0 = Release|Any CPU
		{EBBE35E2-7B91-4D7D-B8FC-3A0472F5119D}.Ad-Hoc|Any CPU.ActiveCfg = Release|Any CPU
		{EBBE35E2-7B91-4D7D-B8FC-3A0472F5119D}.Ad-Hoc|Any CPU.Build.0 = Release|Any CPU
		{EBBE35E2-7B91-4D7D-B8FC-3A0472F5119D}.Ad-Hoc|ARM.ActiveCfg = Release|Any CPU
		{EBBE35E2-7B91-4D7D-B8FC-3A0472F5119D}.Ad-Hoc|ARM.Build.0 = Release|Any CPU
		{EBBE35E2-7B91-4D7D-B8FC-3A0472F5119D}.Ad-Hoc|iPhone.ActiveCfg = Release|Any CPU
		{EBBE35E2-7B91-4D7D-B8FC-3A0472F5119D}.Ad-Hoc|iPhone.Build.0 = Release|Any CPU
		{EBBE35E2-7B91-4D7D-B8FC-3A0472F5119D}.Ad-Hoc|iPhoneSimulator.ActiveCfg = Release|Any CPU
		{EBBE35E2-7B91-4D7D-B8FC-3A0472F5119D}.Ad-Hoc|iPhoneSimulator.Build.0 = Release|Any CPU
		{EBBE35E2-7B91-4D7D-B8FC-3A0472F5119D}.Ad-Hoc|x64.ActiveCfg = Release|Any CPU
		{EBBE35E2-7B91-4D7D-B8FC-3A0472F5119D}.Ad-Hoc|x64.Build.0 = Release|Any CPU
		{EBBE35E2-7B91-4D7D-B8FC-3A0472F5119D}.Ad-Hoc|x86.ActiveCfg = Release|Any CPU
		{EBBE35E2-7B91-4D7D-B8FC-3A0472F5119D}.Ad-Hoc|x86.Build.0 = Release|Any CPU
		{EBBE35E2-7B91-4D7D-B8FC-3A0472F5119D}.AppStore|Any CPU.ActiveCfg = Release|Any CPU
		{EBBE35E2-7B91-4D7D-B8FC-3A0472F5119D}.AppStore|Any CPU.Build.0 = Release|Any CPU
		{EBBE35E2-7B91-4D7D-B8FC-3A0472F5119D}.AppStore|ARM.ActiveCfg = Release|Any CPU
		{EBBE35E2-7B91-4D7D-B8FC-3A0472F5119D}.AppStore|ARM.Build.0 = Release|Any CPU
		{EBBE35E2-7B91-4D7D-B8FC-3A0472F5119D}.AppStore|iPhone.ActiveCfg = Release|Any CPU
		{EBBE35E2-7B91-4D7D-B8FC-3A0472F5119D}.AppStore|iPhone.Build.0 = Release|Any CPU
		{EBBE35E2-7B91-4D7D-B8FC-3A0472F5119D}.AppStore|iPhoneSimulator.ActiveCfg = Release|Any CPU
		{EBBE35E2-7B91-4D7D-B8FC-3A0472F5119D}.AppStore|iPhoneSimulator.Build.0 = Release|Any CPU
		{EBBE35E2-7B91-4D7D-B8FC-3A0472F5119D}.AppStore|x64.ActiveCfg = Release|Any CPU
		{EBBE35E2-7B91-4D7D-B8FC-3A0472F5119D}.AppStore|x64.Build.0 = Release|Any CPU
		{EBBE35E2-7B91-4D7D-B8FC-3A0472F5119D}.AppStore|x86.ActiveCfg = Release|Any CPU
		{EBBE35E2-7B91-4D7D-B8FC-3A0472F5119D}.AppStore|x86.Build.0 = Release|Any CPU
		{EBBE35E2-7B91-4D7D-B8FC-3A0472F5119D}.Debug|Any CPU.ActiveCfg = Debug|Any CPU
		{EBBE35E2-7B91-4D7D-B8FC-3A0472F5119D}.Debug|Any CPU.Build.0 = Debug|Any CPU
		{EBBE35E2-7B91-4D7D-B8FC-3A0472F5119D}.Debug|ARM.ActiveCfg = Debug|Any CPU
		{EBBE35E2-7B91-4D7D-B8FC-3A0472F5119D}.Debug|ARM.Build.0 = Debug|Any CPU
		{EBBE35E2-7B91-4D7D-B8FC-3A0472F5119D}.Debug|iPhone.ActiveCfg = Debug|Any CPU
		{EBBE35E2-7B91-4D7D-B8FC-3A0472F5119D}.Debug|iPhone.Build.0 = Debug|Any CPU
		{EBBE35E2-7B91-4D7D-B8FC-3A0472F5119D}.Debug|iPhoneSimulator.ActiveCfg = Debug|Any CPU
		{EBBE35E2-7B91-4D7D-B8FC-3A0472F5119D}.Debug|iPhoneSimulator.Build.0 = Debug|Any CPU
		{EBBE35E2-7B91-4D7D-B8FC-3A0472F5119D}.Debug|x64.ActiveCfg = Debug|Any CPU
		{EBBE35E2-7B91-4D7D-B8FC-3A0472F5119D}.Debug|x64.Build.0 = Debug|Any CPU
		{EBBE35E2-7B91-4D7D-B8FC-3A0472F5119D}.Debug|x86.ActiveCfg = Debug|Any CPU
		{EBBE35E2-7B91-4D7D-B8FC-3A0472F5119D}.Debug|x86.Build.0 = Debug|Any CPU
		{EBBE35E2-7B91-4D7D-B8FC-3A0472F5119D}.Release|Any CPU.ActiveCfg = Release|Any CPU
		{EBBE35E2-7B91-4D7D-B8FC-3A0472F5119D}.Release|Any CPU.Build.0 = Release|Any CPU
		{EBBE35E2-7B91-4D7D-B8FC-3A0472F5119D}.Release|ARM.ActiveCfg = Release|Any CPU
		{EBBE35E2-7B91-4D7D-B8FC-3A0472F5119D}.Release|ARM.Build.0 = Release|Any CPU
		{EBBE35E2-7B91-4D7D-B8FC-3A0472F5119D}.Release|iPhone.ActiveCfg = Release|Any CPU
		{EBBE35E2-7B91-4D7D-B8FC-3A0472F5119D}.Release|iPhone.Build.0 = Release|Any CPU
		{EBBE35E2-7B91-4D7D-B8FC-3A0472F5119D}.Release|iPhoneSimulator.ActiveCfg = Release|Any CPU
		{EBBE35E2-7B91-4D7D-B8FC-3A0472F5119D}.Release|iPhoneSimulator.Build.0 = Release|Any CPU
		{EBBE35E2-7B91-4D7D-B8FC-3A0472F5119D}.Release|x64.ActiveCfg = Release|Any CPU
		{EBBE35E2-7B91-4D7D-B8FC-3A0472F5119D}.Release|x64.Build.0 = Release|Any CPU
		{EBBE35E2-7B91-4D7D-B8FC-3A0472F5119D}.Release|x86.ActiveCfg = Release|Any CPU
		{EBBE35E2-7B91-4D7D-B8FC-3A0472F5119D}.Release|x86.Build.0 = Release|Any CPU
		{B14329C7-440F-4BD4-A1E7-42EC5CD892C9}.Ad-Hoc|Any CPU.ActiveCfg = Release|Any CPU
		{B14329C7-440F-4BD4-A1E7-42EC5CD892C9}.Ad-Hoc|Any CPU.Build.0 = Release|Any CPU
		{B14329C7-440F-4BD4-A1E7-42EC5CD892C9}.Ad-Hoc|Any CPU.Deploy.0 = Release|Any CPU
		{B14329C7-440F-4BD4-A1E7-42EC5CD892C9}.Ad-Hoc|ARM.ActiveCfg = Release|Any CPU
		{B14329C7-440F-4BD4-A1E7-42EC5CD892C9}.Ad-Hoc|ARM.Build.0 = Release|Any CPU
		{B14329C7-440F-4BD4-A1E7-42EC5CD892C9}.Ad-Hoc|ARM.Deploy.0 = Release|Any CPU
		{B14329C7-440F-4BD4-A1E7-42EC5CD892C9}.Ad-Hoc|iPhone.ActiveCfg = Release|Any CPU
		{B14329C7-440F-4BD4-A1E7-42EC5CD892C9}.Ad-Hoc|iPhone.Build.0 = Release|Any CPU
		{B14329C7-440F-4BD4-A1E7-42EC5CD892C9}.Ad-Hoc|iPhone.Deploy.0 = Release|Any CPU
		{B14329C7-440F-4BD4-A1E7-42EC5CD892C9}.Ad-Hoc|iPhoneSimulator.ActiveCfg = Release|Any CPU
		{B14329C7-440F-4BD4-A1E7-42EC5CD892C9}.Ad-Hoc|iPhoneSimulator.Build.0 = Release|Any CPU
		{B14329C7-440F-4BD4-A1E7-42EC5CD892C9}.Ad-Hoc|iPhoneSimulator.Deploy.0 = Release|Any CPU
		{B14329C7-440F-4BD4-A1E7-42EC5CD892C9}.Ad-Hoc|x64.ActiveCfg = Release|Any CPU
		{B14329C7-440F-4BD4-A1E7-42EC5CD892C9}.Ad-Hoc|x64.Build.0 = Release|Any CPU
		{B14329C7-440F-4BD4-A1E7-42EC5CD892C9}.Ad-Hoc|x64.Deploy.0 = Release|Any CPU
		{B14329C7-440F-4BD4-A1E7-42EC5CD892C9}.Ad-Hoc|x86.ActiveCfg = Release|Any CPU
		{B14329C7-440F-4BD4-A1E7-42EC5CD892C9}.Ad-Hoc|x86.Build.0 = Release|Any CPU
		{B14329C7-440F-4BD4-A1E7-42EC5CD892C9}.Ad-Hoc|x86.Deploy.0 = Release|Any CPU
		{B14329C7-440F-4BD4-A1E7-42EC5CD892C9}.AppStore|Any CPU.ActiveCfg = Release|Any CPU
		{B14329C7-440F-4BD4-A1E7-42EC5CD892C9}.AppStore|Any CPU.Build.0 = Release|Any CPU
		{B14329C7-440F-4BD4-A1E7-42EC5CD892C9}.AppStore|Any CPU.Deploy.0 = Release|Any CPU
		{B14329C7-440F-4BD4-A1E7-42EC5CD892C9}.AppStore|ARM.ActiveCfg = Release|Any CPU
		{B14329C7-440F-4BD4-A1E7-42EC5CD892C9}.AppStore|ARM.Build.0 = Release|Any CPU
		{B14329C7-440F-4BD4-A1E7-42EC5CD892C9}.AppStore|ARM.Deploy.0 = Release|Any CPU
		{B14329C7-440F-4BD4-A1E7-42EC5CD892C9}.AppStore|iPhone.ActiveCfg = Release|Any CPU
		{B14329C7-440F-4BD4-A1E7-42EC5CD892C9}.AppStore|iPhone.Build.0 = Release|Any CPU
		{B14329C7-440F-4BD4-A1E7-42EC5CD892C9}.AppStore|iPhone.Deploy.0 = Release|Any CPU
		{B14329C7-440F-4BD4-A1E7-42EC5CD892C9}.AppStore|iPhoneSimulator.ActiveCfg = Release|Any CPU
		{B14329C7-440F-4BD4-A1E7-42EC5CD892C9}.AppStore|iPhoneSimulator.Build.0 = Release|Any CPU
		{B14329C7-440F-4BD4-A1E7-42EC5CD892C9}.AppStore|iPhoneSimulator.Deploy.0 = Release|Any CPU
		{B14329C7-440F-4BD4-A1E7-42EC5CD892C9}.AppStore|x64.ActiveCfg = Release|Any CPU
		{B14329C7-440F-4BD4-A1E7-42EC5CD892C9}.AppStore|x64.Build.0 = Release|Any CPU
		{B14329C7-440F-4BD4-A1E7-42EC5CD892C9}.AppStore|x64.Deploy.0 = Release|Any CPU
		{B14329C7-440F-4BD4-A1E7-42EC5CD892C9}.AppStore|x86.ActiveCfg = Release|Any CPU
		{B14329C7-440F-4BD4-A1E7-42EC5CD892C9}.AppStore|x86.Build.0 = Release|Any CPU
		{B14329C7-440F-4BD4-A1E7-42EC5CD892C9}.AppStore|x86.Deploy.0 = Release|Any CPU
		{B14329C7-440F-4BD4-A1E7-42EC5CD892C9}.Debug|Any CPU.ActiveCfg = Debug|Any CPU
		{B14329C7-440F-4BD4-A1E7-42EC5CD892C9}.Debug|Any CPU.Build.0 = Debug|Any CPU
		{B14329C7-440F-4BD4-A1E7-42EC5CD892C9}.Debug|Any CPU.Deploy.0 = Debug|Any CPU
		{B14329C7-440F-4BD4-A1E7-42EC5CD892C9}.Debug|ARM.ActiveCfg = Debug|Any CPU
		{B14329C7-440F-4BD4-A1E7-42EC5CD892C9}.Debug|ARM.Build.0 = Debug|Any CPU
		{B14329C7-440F-4BD4-A1E7-42EC5CD892C9}.Debug|ARM.Deploy.0 = Debug|Any CPU
		{B14329C7-440F-4BD4-A1E7-42EC5CD892C9}.Debug|iPhone.ActiveCfg = Debug|Any CPU
		{B14329C7-440F-4BD4-A1E7-42EC5CD892C9}.Debug|iPhone.Build.0 = Debug|Any CPU
		{B14329C7-440F-4BD4-A1E7-42EC5CD892C9}.Debug|iPhone.Deploy.0 = Debug|Any CPU
		{B14329C7-440F-4BD4-A1E7-42EC5CD892C9}.Debug|iPhoneSimulator.ActiveCfg = Debug|Any CPU
		{B14329C7-440F-4BD4-A1E7-42EC5CD892C9}.Debug|iPhoneSimulator.Build.0 = Debug|Any CPU
		{B14329C7-440F-4BD4-A1E7-42EC5CD892C9}.Debug|iPhoneSimulator.Deploy.0 = Debug|Any CPU
		{B14329C7-440F-4BD4-A1E7-42EC5CD892C9}.Debug|x64.ActiveCfg = Debug|Any CPU
		{B14329C7-440F-4BD4-A1E7-42EC5CD892C9}.Debug|x64.Build.0 = Debug|Any CPU
		{B14329C7-440F-4BD4-A1E7-42EC5CD892C9}.Debug|x64.Deploy.0 = Debug|Any CPU
		{B14329C7-440F-4BD4-A1E7-42EC5CD892C9}.Debug|x86.ActiveCfg = Debug|Any CPU
		{B14329C7-440F-4BD4-A1E7-42EC5CD892C9}.Debug|x86.Build.0 = Debug|Any CPU
		{B14329C7-440F-4BD4-A1E7-42EC5CD892C9}.Debug|x86.Deploy.0 = Debug|Any CPU
		{B14329C7-440F-4BD4-A1E7-42EC5CD892C9}.Release|Any CPU.ActiveCfg = Release|Any CPU
		{B14329C7-440F-4BD4-A1E7-42EC5CD892C9}.Release|Any CPU.Build.0 = Release|Any CPU
		{B14329C7-440F-4BD4-A1E7-42EC5CD892C9}.Release|Any CPU.Deploy.0 = Release|Any CPU
		{B14329C7-440F-4BD4-A1E7-42EC5CD892C9}.Release|ARM.ActiveCfg = Release|Any CPU
		{B14329C7-440F-4BD4-A1E7-42EC5CD892C9}.Release|ARM.Build.0 = Release|Any CPU
		{B14329C7-440F-4BD4-A1E7-42EC5CD892C9}.Release|ARM.Deploy.0 = Release|Any CPU
		{B14329C7-440F-4BD4-A1E7-42EC5CD892C9}.Release|iPhone.ActiveCfg = Release|Any CPU
		{B14329C7-440F-4BD4-A1E7-42EC5CD892C9}.Release|iPhone.Build.0 = Release|Any CPU
		{B14329C7-440F-4BD4-A1E7-42EC5CD892C9}.Release|iPhone.Deploy.0 = Release|Any CPU
		{B14329C7-440F-4BD4-A1E7-42EC5CD892C9}.Release|iPhoneSimulator.ActiveCfg = Release|Any CPU
		{B14329C7-440F-4BD4-A1E7-42EC5CD892C9}.Release|iPhoneSimulator.Build.0 = Release|Any CPU
		{B14329C7-440F-4BD4-A1E7-42EC5CD892C9}.Release|iPhoneSimulator.Deploy.0 = Release|Any CPU
		{B14329C7-440F-4BD4-A1E7-42EC5CD892C9}.Release|x64.ActiveCfg = Release|Any CPU
		{B14329C7-440F-4BD4-A1E7-42EC5CD892C9}.Release|x64.Build.0 = Release|Any CPU
		{B14329C7-440F-4BD4-A1E7-42EC5CD892C9}.Release|x64.Deploy.0 = Release|Any CPU
		{B14329C7-440F-4BD4-A1E7-42EC5CD892C9}.Release|x86.ActiveCfg = Release|Any CPU
		{B14329C7-440F-4BD4-A1E7-42EC5CD892C9}.Release|x86.Build.0 = Release|Any CPU
		{B14329C7-440F-4BD4-A1E7-42EC5CD892C9}.Release|x86.Deploy.0 = Release|Any CPU
		{4464189F-BC1A-4976-91A6-169457601624}.Ad-Hoc|Any CPU.ActiveCfg = Ad-Hoc|iPhone
		{4464189F-BC1A-4976-91A6-169457601624}.Ad-Hoc|ARM.ActiveCfg = Ad-Hoc|iPhone
		{4464189F-BC1A-4976-91A6-169457601624}.Ad-Hoc|iPhone.ActiveCfg = Ad-Hoc|iPhone
		{4464189F-BC1A-4976-91A6-169457601624}.Ad-Hoc|iPhone.Build.0 = Ad-Hoc|iPhone
		{4464189F-BC1A-4976-91A6-169457601624}.Ad-Hoc|iPhoneSimulator.ActiveCfg = Ad-Hoc|iPhoneSimulator
		{4464189F-BC1A-4976-91A6-169457601624}.Ad-Hoc|iPhoneSimulator.Build.0 = Ad-Hoc|iPhoneSimulator
		{4464189F-BC1A-4976-91A6-169457601624}.Ad-Hoc|x64.ActiveCfg = Ad-Hoc|iPhone
		{4464189F-BC1A-4976-91A6-169457601624}.Ad-Hoc|x86.ActiveCfg = Ad-Hoc|iPhone
		{4464189F-BC1A-4976-91A6-169457601624}.AppStore|Any CPU.ActiveCfg = AppStore|iPhone
		{4464189F-BC1A-4976-91A6-169457601624}.AppStore|ARM.ActiveCfg = AppStore|iPhone
		{4464189F-BC1A-4976-91A6-169457601624}.AppStore|iPhone.ActiveCfg = AppStore|iPhone
		{4464189F-BC1A-4976-91A6-169457601624}.AppStore|iPhone.Build.0 = AppStore|iPhone
		{4464189F-BC1A-4976-91A6-169457601624}.AppStore|iPhoneSimulator.ActiveCfg = AppStore|iPhoneSimulator
		{4464189F-BC1A-4976-91A6-169457601624}.AppStore|iPhoneSimulator.Build.0 = AppStore|iPhoneSimulator
		{4464189F-BC1A-4976-91A6-169457601624}.AppStore|x64.ActiveCfg = AppStore|iPhone
		{4464189F-BC1A-4976-91A6-169457601624}.AppStore|x86.ActiveCfg = AppStore|iPhone
		{4464189F-BC1A-4976-91A6-169457601624}.Debug|Any CPU.ActiveCfg = Debug|iPhone
		{4464189F-BC1A-4976-91A6-169457601624}.Debug|ARM.ActiveCfg = Debug|iPhone
		{4464189F-BC1A-4976-91A6-169457601624}.Debug|iPhone.ActiveCfg = Debug|iPhone
		{4464189F-BC1A-4976-91A6-169457601624}.Debug|iPhone.Build.0 = Debug|iPhone
		{4464189F-BC1A-4976-91A6-169457601624}.Debug|iPhoneSimulator.ActiveCfg = Debug|iPhoneSimulator
		{4464189F-BC1A-4976-91A6-169457601624}.Debug|iPhoneSimulator.Build.0 = Debug|iPhoneSimulator
		{4464189F-BC1A-4976-91A6-169457601624}.Debug|x64.ActiveCfg = Debug|iPhone
		{4464189F-BC1A-4976-91A6-169457601624}.Debug|x86.ActiveCfg = Debug|iPhone
		{4464189F-BC1A-4976-91A6-169457601624}.Release|Any CPU.ActiveCfg = Release|iPhone
		{4464189F-BC1A-4976-91A6-169457601624}.Release|ARM.ActiveCfg = Release|iPhone
		{4464189F-BC1A-4976-91A6-169457601624}.Release|iPhone.ActiveCfg = Release|iPhone
		{4464189F-BC1A-4976-91A6-169457601624}.Release|iPhone.Build.0 = Release|iPhone
		{4464189F-BC1A-4976-91A6-169457601624}.Release|iPhoneSimulator.ActiveCfg = Release|iPhoneSimulator
		{4464189F-BC1A-4976-91A6-169457601624}.Release|iPhoneSimulator.Build.0 = Release|iPhoneSimulator
		{4464189F-BC1A-4976-91A6-169457601624}.Release|x64.ActiveCfg = Release|iPhone
		{4464189F-BC1A-4976-91A6-169457601624}.Release|x86.ActiveCfg = Release|iPhone
		{0A2D56EE-CB3E-4202-B70E-42FFFC78E37D}.Ad-Hoc|Any CPU.ActiveCfg = Release|Any CPU
		{0A2D56EE-CB3E-4202-B70E-42FFFC78E37D}.Ad-Hoc|Any CPU.Build.0 = Release|Any CPU
		{0A2D56EE-CB3E-4202-B70E-42FFFC78E37D}.Ad-Hoc|Any CPU.Deploy.0 = Release|Any CPU
		{0A2D56EE-CB3E-4202-B70E-42FFFC78E37D}.Ad-Hoc|ARM.ActiveCfg = Release|ARM
		{0A2D56EE-CB3E-4202-B70E-42FFFC78E37D}.Ad-Hoc|ARM.Build.0 = Release|ARM
		{0A2D56EE-CB3E-4202-B70E-42FFFC78E37D}.Ad-Hoc|ARM.Deploy.0 = Release|ARM
		{0A2D56EE-CB3E-4202-B70E-42FFFC78E37D}.Ad-Hoc|iPhone.ActiveCfg = Release|Any CPU
		{0A2D56EE-CB3E-4202-B70E-42FFFC78E37D}.Ad-Hoc|iPhone.Build.0 = Release|Any CPU
		{0A2D56EE-CB3E-4202-B70E-42FFFC78E37D}.Ad-Hoc|iPhone.Deploy.0 = Release|Any CPU
		{0A2D56EE-CB3E-4202-B70E-42FFFC78E37D}.Ad-Hoc|iPhoneSimulator.ActiveCfg = Release|Any CPU
		{0A2D56EE-CB3E-4202-B70E-42FFFC78E37D}.Ad-Hoc|iPhoneSimulator.Build.0 = Release|Any CPU
		{0A2D56EE-CB3E-4202-B70E-42FFFC78E37D}.Ad-Hoc|iPhoneSimulator.Deploy.0 = Release|Any CPU
		{0A2D56EE-CB3E-4202-B70E-42FFFC78E37D}.Ad-Hoc|x64.ActiveCfg = Release|Any CPU
		{0A2D56EE-CB3E-4202-B70E-42FFFC78E37D}.Ad-Hoc|x64.Build.0 = Release|Any CPU
		{0A2D56EE-CB3E-4202-B70E-42FFFC78E37D}.Ad-Hoc|x64.Deploy.0 = Release|Any CPU
		{0A2D56EE-CB3E-4202-B70E-42FFFC78E37D}.Ad-Hoc|x86.ActiveCfg = Release|x86
		{0A2D56EE-CB3E-4202-B70E-42FFFC78E37D}.Ad-Hoc|x86.Build.0 = Release|x86
		{0A2D56EE-CB3E-4202-B70E-42FFFC78E37D}.Ad-Hoc|x86.Deploy.0 = Release|x86
		{0A2D56EE-CB3E-4202-B70E-42FFFC78E37D}.AppStore|Any CPU.ActiveCfg = Release|Any CPU
		{0A2D56EE-CB3E-4202-B70E-42FFFC78E37D}.AppStore|Any CPU.Build.0 = Release|Any CPU
		{0A2D56EE-CB3E-4202-B70E-42FFFC78E37D}.AppStore|Any CPU.Deploy.0 = Release|Any CPU
		{0A2D56EE-CB3E-4202-B70E-42FFFC78E37D}.AppStore|ARM.ActiveCfg = Release|ARM
		{0A2D56EE-CB3E-4202-B70E-42FFFC78E37D}.AppStore|ARM.Build.0 = Release|ARM
		{0A2D56EE-CB3E-4202-B70E-42FFFC78E37D}.AppStore|ARM.Deploy.0 = Release|ARM
		{0A2D56EE-CB3E-4202-B70E-42FFFC78E37D}.AppStore|iPhone.ActiveCfg = Release|Any CPU
		{0A2D56EE-CB3E-4202-B70E-42FFFC78E37D}.AppStore|iPhone.Build.0 = Release|Any CPU
		{0A2D56EE-CB3E-4202-B70E-42FFFC78E37D}.AppStore|iPhone.Deploy.0 = Release|Any CPU
		{0A2D56EE-CB3E-4202-B70E-42FFFC78E37D}.AppStore|iPhoneSimulator.ActiveCfg = Release|Any CPU
		{0A2D56EE-CB3E-4202-B70E-42FFFC78E37D}.AppStore|iPhoneSimulator.Build.0 = Release|Any CPU
		{0A2D56EE-CB3E-4202-B70E-42FFFC78E37D}.AppStore|iPhoneSimulator.Deploy.0 = Release|Any CPU
		{0A2D56EE-CB3E-4202-B70E-42FFFC78E37D}.AppStore|x64.ActiveCfg = Release|Any CPU
		{0A2D56EE-CB3E-4202-B70E-42FFFC78E37D}.AppStore|x64.Build.0 = Release|Any CPU
		{0A2D56EE-CB3E-4202-B70E-42FFFC78E37D}.AppStore|x64.Deploy.0 = Release|Any CPU
		{0A2D56EE-CB3E-4202-B70E-42FFFC78E37D}.AppStore|x86.ActiveCfg = Release|x86
		{0A2D56EE-CB3E-4202-B70E-42FFFC78E37D}.AppStore|x86.Build.0 = Release|x86
		{0A2D56EE-CB3E-4202-B70E-42FFFC78E37D}.AppStore|x86.Deploy.0 = Release|x86
		{0A2D56EE-CB3E-4202-B70E-42FFFC78E37D}.Debug|Any CPU.ActiveCfg = Debug|Any CPU
		{0A2D56EE-CB3E-4202-B70E-42FFFC78E37D}.Debug|Any CPU.Build.0 = Debug|Any CPU
		{0A2D56EE-CB3E-4202-B70E-42FFFC78E37D}.Debug|Any CPU.Deploy.0 = Debug|Any CPU
		{0A2D56EE-CB3E-4202-B70E-42FFFC78E37D}.Debug|ARM.ActiveCfg = Debug|ARM
		{0A2D56EE-CB3E-4202-B70E-42FFFC78E37D}.Debug|ARM.Build.0 = Debug|ARM
		{0A2D56EE-CB3E-4202-B70E-42FFFC78E37D}.Debug|ARM.Deploy.0 = Debug|ARM
		{0A2D56EE-CB3E-4202-B70E-42FFFC78E37D}.Debug|iPhone.ActiveCfg = Debug|Any CPU
		{0A2D56EE-CB3E-4202-B70E-42FFFC78E37D}.Debug|iPhone.Build.0 = Debug|Any CPU
		{0A2D56EE-CB3E-4202-B70E-42FFFC78E37D}.Debug|iPhone.Deploy.0 = Debug|Any CPU
		{0A2D56EE-CB3E-4202-B70E-42FFFC78E37D}.Debug|iPhoneSimulator.ActiveCfg = Debug|Any CPU
		{0A2D56EE-CB3E-4202-B70E-42FFFC78E37D}.Debug|iPhoneSimulator.Build.0 = Debug|Any CPU
		{0A2D56EE-CB3E-4202-B70E-42FFFC78E37D}.Debug|iPhoneSimulator.Deploy.0 = Debug|Any CPU
		{0A2D56EE-CB3E-4202-B70E-42FFFC78E37D}.Debug|x64.ActiveCfg = Debug|Any CPU
		{0A2D56EE-CB3E-4202-B70E-42FFFC78E37D}.Debug|x64.Build.0 = Debug|Any CPU
		{0A2D56EE-CB3E-4202-B70E-42FFFC78E37D}.Debug|x64.Deploy.0 = Debug|Any CPU
		{0A2D56EE-CB3E-4202-B70E-42FFFC78E37D}.Debug|x86.ActiveCfg = Debug|x86
		{0A2D56EE-CB3E-4202-B70E-42FFFC78E37D}.Debug|x86.Build.0 = Debug|x86
		{0A2D56EE-CB3E-4202-B70E-42FFFC78E37D}.Debug|x86.Deploy.0 = Debug|x86
		{0A2D56EE-CB3E-4202-B70E-42FFFC78E37D}.Release|Any CPU.ActiveCfg = Release|Any CPU
		{0A2D56EE-CB3E-4202-B70E-42FFFC78E37D}.Release|Any CPU.Build.0 = Release|Any CPU
		{0A2D56EE-CB3E-4202-B70E-42FFFC78E37D}.Release|Any CPU.Deploy.0 = Release|Any CPU
		{0A2D56EE-CB3E-4202-B70E-42FFFC78E37D}.Release|ARM.ActiveCfg = Release|ARM
		{0A2D56EE-CB3E-4202-B70E-42FFFC78E37D}.Release|ARM.Build.0 = Release|ARM
		{0A2D56EE-CB3E-4202-B70E-42FFFC78E37D}.Release|ARM.Deploy.0 = Release|ARM
		{0A2D56EE-CB3E-4202-B70E-42FFFC78E37D}.Release|iPhone.ActiveCfg = Release|Any CPU
		{0A2D56EE-CB3E-4202-B70E-42FFFC78E37D}.Release|iPhone.Build.0 = Release|Any CPU
		{0A2D56EE-CB3E-4202-B70E-42FFFC78E37D}.Release|iPhone.Deploy.0 = Release|Any CPU
		{0A2D56EE-CB3E-4202-B70E-42FFFC78E37D}.Release|iPhoneSimulator.ActiveCfg = Release|Any CPU
		{0A2D56EE-CB3E-4202-B70E-42FFFC78E37D}.Release|iPhoneSimulator.Build.0 = Release|Any CPU
		{0A2D56EE-CB3E-4202-B70E-42FFFC78E37D}.Release|iPhoneSimulator.Deploy.0 = Release|Any CPU
		{0A2D56EE-CB3E-4202-B70E-42FFFC78E37D}.Release|x64.ActiveCfg = Release|Any CPU
		{0A2D56EE-CB3E-4202-B70E-42FFFC78E37D}.Release|x64.Build.0 = Release|Any CPU
		{0A2D56EE-CB3E-4202-B70E-42FFFC78E37D}.Release|x64.Deploy.0 = Release|Any CPU
		{0A2D56EE-CB3E-4202-B70E-42FFFC78E37D}.Release|x86.ActiveCfg = Release|x86
		{0A2D56EE-CB3E-4202-B70E-42FFFC78E37D}.Release|x86.Build.0 = Release|x86
		{0A2D56EE-CB3E-4202-B70E-42FFFC78E37D}.Release|x86.Deploy.0 = Release|x86
		{39D30E53-EDD4-4596-8614-BBD9A1645E86}.Ad-Hoc|Any CPU.ActiveCfg = Release|x86
		{39D30E53-EDD4-4596-8614-BBD9A1645E86}.Ad-Hoc|Any CPU.Build.0 = Release|x86
		{39D30E53-EDD4-4596-8614-BBD9A1645E86}.Ad-Hoc|Any CPU.Deploy.0 = Release|x86
		{39D30E53-EDD4-4596-8614-BBD9A1645E86}.Ad-Hoc|ARM.ActiveCfg = Release|ARM
		{39D30E53-EDD4-4596-8614-BBD9A1645E86}.Ad-Hoc|ARM.Build.0 = Release|ARM
		{39D30E53-EDD4-4596-8614-BBD9A1645E86}.Ad-Hoc|ARM.Deploy.0 = Release|ARM
		{39D30E53-EDD4-4596-8614-BBD9A1645E86}.Ad-Hoc|iPhone.ActiveCfg = Release|x86
		{39D30E53-EDD4-4596-8614-BBD9A1645E86}.Ad-Hoc|iPhone.Build.0 = Release|x86
		{39D30E53-EDD4-4596-8614-BBD9A1645E86}.Ad-Hoc|iPhone.Deploy.0 = Release|x86
		{39D30E53-EDD4-4596-8614-BBD9A1645E86}.Ad-Hoc|iPhoneSimulator.ActiveCfg = Release|x86
		{39D30E53-EDD4-4596-8614-BBD9A1645E86}.Ad-Hoc|iPhoneSimulator.Build.0 = Release|x86
		{39D30E53-EDD4-4596-8614-BBD9A1645E86}.Ad-Hoc|iPhoneSimulator.Deploy.0 = Release|x86
		{39D30E53-EDD4-4596-8614-BBD9A1645E86}.Ad-Hoc|x64.ActiveCfg = Release|x64
		{39D30E53-EDD4-4596-8614-BBD9A1645E86}.Ad-Hoc|x64.Build.0 = Release|x64
		{39D30E53-EDD4-4596-8614-BBD9A1645E86}.Ad-Hoc|x64.Deploy.0 = Release|x64
		{39D30E53-EDD4-4596-8614-BBD9A1645E86}.Ad-Hoc|x86.ActiveCfg = Release|x86
		{39D30E53-EDD4-4596-8614-BBD9A1645E86}.Ad-Hoc|x86.Build.0 = Release|x86
		{39D30E53-EDD4-4596-8614-BBD9A1645E86}.Ad-Hoc|x86.Deploy.0 = Release|x86
		{39D30E53-EDD4-4596-8614-BBD9A1645E86}.AppStore|Any CPU.ActiveCfg = Release|x86
		{39D30E53-EDD4-4596-8614-BBD9A1645E86}.AppStore|Any CPU.Build.0 = Release|x86
		{39D30E53-EDD4-4596-8614-BBD9A1645E86}.AppStore|Any CPU.Deploy.0 = Release|x86
		{39D30E53-EDD4-4596-8614-BBD9A1645E86}.AppStore|ARM.ActiveCfg = Release|ARM
		{39D30E53-EDD4-4596-8614-BBD9A1645E86}.AppStore|ARM.Build.0 = Release|ARM
		{39D30E53-EDD4-4596-8614-BBD9A1645E86}.AppStore|ARM.Deploy.0 = Release|ARM
		{39D30E53-EDD4-4596-8614-BBD9A1645E86}.AppStore|iPhone.ActiveCfg = Release|x86
		{39D30E53-EDD4-4596-8614-BBD9A1645E86}.AppStore|iPhone.Build.0 = Release|x86
		{39D30E53-EDD4-4596-8614-BBD9A1645E86}.AppStore|iPhone.Deploy.0 = Release|x86
		{39D30E53-EDD4-4596-8614-BBD9A1645E86}.AppStore|iPhoneSimulator.ActiveCfg = Release|x86
		{39D30E53-EDD4-4596-8614-BBD9A1645E86}.AppStore|iPhoneSimulator.Build.0 = Release|x86
		{39D30E53-EDD4-4596-8614-BBD9A1645E86}.AppStore|iPhoneSimulator.Deploy.0 = Release|x86
		{39D30E53-EDD4-4596-8614-BBD9A1645E86}.AppStore|x64.ActiveCfg = Release|x64
		{39D30E53-EDD4-4596-8614-BBD9A1645E86}.AppStore|x64.Build.0 = Release|x64
		{39D30E53-EDD4-4596-8614-BBD9A1645E86}.AppStore|x64.Deploy.0 = Release|x64
		{39D30E53-EDD4-4596-8614-BBD9A1645E86}.AppStore|x86.ActiveCfg = Release|x86
		{39D30E53-EDD4-4596-8614-BBD9A1645E86}.AppStore|x86.Build.0 = Release|x86
		{39D30E53-EDD4-4596-8614-BBD9A1645E86}.AppStore|x86.Deploy.0 = Release|x86
		{39D30E53-EDD4-4596-8614-BBD9A1645E86}.Debug|Any CPU.ActiveCfg = Debug|x86
		{39D30E53-EDD4-4596-8614-BBD9A1645E86}.Debug|ARM.ActiveCfg = Debug|ARM
		{39D30E53-EDD4-4596-8614-BBD9A1645E86}.Debug|ARM.Build.0 = Debug|ARM
		{39D30E53-EDD4-4596-8614-BBD9A1645E86}.Debug|ARM.Deploy.0 = Debug|ARM
		{39D30E53-EDD4-4596-8614-BBD9A1645E86}.Debug|iPhone.ActiveCfg = Debug|x86
		{39D30E53-EDD4-4596-8614-BBD9A1645E86}.Debug|iPhoneSimulator.ActiveCfg = Debug|x86
		{39D30E53-EDD4-4596-8614-BBD9A1645E86}.Debug|x64.ActiveCfg = Debug|x64
		{39D30E53-EDD4-4596-8614-BBD9A1645E86}.Debug|x64.Build.0 = Debug|x64
		{39D30E53-EDD4-4596-8614-BBD9A1645E86}.Debug|x64.Deploy.0 = Debug|x64
		{39D30E53-EDD4-4596-8614-BBD9A1645E86}.Debug|x86.ActiveCfg = Debug|x86
		{39D30E53-EDD4-4596-8614-BBD9A1645E86}.Debug|x86.Build.0 = Debug|x86
		{39D30E53-EDD4-4596-8614-BBD9A1645E86}.Debug|x86.Deploy.0 = Debug|x86
		{39D30E53-EDD4-4596-8614-BBD9A1645E86}.Release|Any CPU.ActiveCfg = Release|x86
		{39D30E53-EDD4-4596-8614-BBD9A1645E86}.Release|ARM.ActiveCfg = Release|ARM
		{39D30E53-EDD4-4596-8614-BBD9A1645E86}.Release|ARM.Build.0 = Release|ARM
		{39D30E53-EDD4-4596-8614-BBD9A1645E86}.Release|ARM.Deploy.0 = Release|ARM
		{39D30E53-EDD4-4596-8614-BBD9A1645E86}.Release|iPhone.ActiveCfg = Release|x86
		{39D30E53-EDD4-4596-8614-BBD9A1645E86}.Release|iPhoneSimulator.ActiveCfg = Release|x86
		{39D30E53-EDD4-4596-8614-BBD9A1645E86}.Release|x64.ActiveCfg = Release|x64
		{39D30E53-EDD4-4596-8614-BBD9A1645E86}.Release|x64.Build.0 = Release|x64
		{39D30E53-EDD4-4596-8614-BBD9A1645E86}.Release|x64.Deploy.0 = Release|x64
		{39D30E53-EDD4-4596-8614-BBD9A1645E86}.Release|x86.ActiveCfg = Release|x86
		{39D30E53-EDD4-4596-8614-BBD9A1645E86}.Release|x86.Build.0 = Release|x86
		{39D30E53-EDD4-4596-8614-BBD9A1645E86}.Release|x86.Deploy.0 = Release|x86
		{FA3E7D44-12F5-4656-9814-75234814C4FE}.Ad-Hoc|Any CPU.ActiveCfg = Release|Any CPU
		{FA3E7D44-12F5-4656-9814-75234814C4FE}.Ad-Hoc|Any CPU.Build.0 = Release|Any CPU
		{FA3E7D44-12F5-4656-9814-75234814C4FE}.Ad-Hoc|Any CPU.Deploy.0 = Release|Any CPU
		{FA3E7D44-12F5-4656-9814-75234814C4FE}.Ad-Hoc|ARM.ActiveCfg = Release|ARM
		{FA3E7D44-12F5-4656-9814-75234814C4FE}.Ad-Hoc|ARM.Build.0 = Release|ARM
		{FA3E7D44-12F5-4656-9814-75234814C4FE}.Ad-Hoc|ARM.Deploy.0 = Release|ARM
		{FA3E7D44-12F5-4656-9814-75234814C4FE}.Ad-Hoc|iPhone.ActiveCfg = Release|Any CPU
		{FA3E7D44-12F5-4656-9814-75234814C4FE}.Ad-Hoc|iPhone.Build.0 = Release|Any CPU
		{FA3E7D44-12F5-4656-9814-75234814C4FE}.Ad-Hoc|iPhone.Deploy.0 = Release|Any CPU
		{FA3E7D44-12F5-4656-9814-75234814C4FE}.Ad-Hoc|iPhoneSimulator.ActiveCfg = Release|Any CPU
		{FA3E7D44-12F5-4656-9814-75234814C4FE}.Ad-Hoc|iPhoneSimulator.Build.0 = Release|Any CPU
		{FA3E7D44-12F5-4656-9814-75234814C4FE}.Ad-Hoc|iPhoneSimulator.Deploy.0 = Release|Any CPU
		{FA3E7D44-12F5-4656-9814-75234814C4FE}.Ad-Hoc|x64.ActiveCfg = Release|x64
		{FA3E7D44-12F5-4656-9814-75234814C4FE}.Ad-Hoc|x64.Build.0 = Release|x64
		{FA3E7D44-12F5-4656-9814-75234814C4FE}.Ad-Hoc|x64.Deploy.0 = Release|x64
		{FA3E7D44-12F5-4656-9814-75234814C4FE}.Ad-Hoc|x86.ActiveCfg = Release|x86
		{FA3E7D44-12F5-4656-9814-75234814C4FE}.Ad-Hoc|x86.Build.0 = Release|x86
		{FA3E7D44-12F5-4656-9814-75234814C4FE}.Ad-Hoc|x86.Deploy.0 = Release|x86
		{FA3E7D44-12F5-4656-9814-75234814C4FE}.AppStore|Any CPU.ActiveCfg = Release|Any CPU
		{FA3E7D44-12F5-4656-9814-75234814C4FE}.AppStore|Any CPU.Build.0 = Release|Any CPU
		{FA3E7D44-12F5-4656-9814-75234814C4FE}.AppStore|Any CPU.Deploy.0 = Release|Any CPU
		{FA3E7D44-12F5-4656-9814-75234814C4FE}.AppStore|ARM.ActiveCfg = Release|ARM
		{FA3E7D44-12F5-4656-9814-75234814C4FE}.AppStore|ARM.Build.0 = Release|ARM
		{FA3E7D44-12F5-4656-9814-75234814C4FE}.AppStore|ARM.Deploy.0 = Release|ARM
		{FA3E7D44-12F5-4656-9814-75234814C4FE}.AppStore|iPhone.ActiveCfg = Release|Any CPU
		{FA3E7D44-12F5-4656-9814-75234814C4FE}.AppStore|iPhone.Build.0 = Release|Any CPU
		{FA3E7D44-12F5-4656-9814-75234814C4FE}.AppStore|iPhone.Deploy.0 = Release|Any CPU
		{FA3E7D44-12F5-4656-9814-75234814C4FE}.AppStore|iPhoneSimulator.ActiveCfg = Release|Any CPU
		{FA3E7D44-12F5-4656-9814-75234814C4FE}.AppStore|iPhoneSimulator.Build.0 = Release|Any CPU
		{FA3E7D44-12F5-4656-9814-75234814C4FE}.AppStore|iPhoneSimulator.Deploy.0 = Release|Any CPU
		{FA3E7D44-12F5-4656-9814-75234814C4FE}.AppStore|x64.ActiveCfg = Release|x64
		{FA3E7D44-12F5-4656-9814-75234814C4FE}.AppStore|x64.Build.0 = Release|x64
		{FA3E7D44-12F5-4656-9814-75234814C4FE}.AppStore|x64.Deploy.0 = Release|x64
		{FA3E7D44-12F5-4656-9814-75234814C4FE}.AppStore|x86.ActiveCfg = Release|x86
		{FA3E7D44-12F5-4656-9814-75234814C4FE}.AppStore|x86.Build.0 = Release|x86
		{FA3E7D44-12F5-4656-9814-75234814C4FE}.AppStore|x86.Deploy.0 = Release|x86
		{FA3E7D44-12F5-4656-9814-75234814C4FE}.Debug|Any CPU.ActiveCfg = Debug|Any CPU
		{FA3E7D44-12F5-4656-9814-75234814C4FE}.Debug|Any CPU.Build.0 = Debug|Any CPU
		{FA3E7D44-12F5-4656-9814-75234814C4FE}.Debug|Any CPU.Deploy.0 = Debug|Any CPU
		{FA3E7D44-12F5-4656-9814-75234814C4FE}.Debug|ARM.ActiveCfg = Debug|ARM
		{FA3E7D44-12F5-4656-9814-75234814C4FE}.Debug|ARM.Build.0 = Debug|ARM
		{FA3E7D44-12F5-4656-9814-75234814C4FE}.Debug|ARM.Deploy.0 = Debug|ARM
		{FA3E7D44-12F5-4656-9814-75234814C4FE}.Debug|iPhone.ActiveCfg = Debug|Any CPU
		{FA3E7D44-12F5-4656-9814-75234814C4FE}.Debug|iPhone.Build.0 = Debug|Any CPU
		{FA3E7D44-12F5-4656-9814-75234814C4FE}.Debug|iPhone.Deploy.0 = Debug|Any CPU
		{FA3E7D44-12F5-4656-9814-75234814C4FE}.Debug|iPhoneSimulator.ActiveCfg = Debug|Any CPU
		{FA3E7D44-12F5-4656-9814-75234814C4FE}.Debug|iPhoneSimulator.Build.0 = Debug|Any CPU
		{FA3E7D44-12F5-4656-9814-75234814C4FE}.Debug|iPhoneSimulator.Deploy.0 = Debug|Any CPU
		{FA3E7D44-12F5-4656-9814-75234814C4FE}.Debug|x64.ActiveCfg = Debug|x64
		{FA3E7D44-12F5-4656-9814-75234814C4FE}.Debug|x64.Build.0 = Debug|x64
		{FA3E7D44-12F5-4656-9814-75234814C4FE}.Debug|x64.Deploy.0 = Debug|x64
		{FA3E7D44-12F5-4656-9814-75234814C4FE}.Debug|x86.ActiveCfg = Debug|x86
		{FA3E7D44-12F5-4656-9814-75234814C4FE}.Debug|x86.Build.0 = Debug|x86
		{FA3E7D44-12F5-4656-9814-75234814C4FE}.Debug|x86.Deploy.0 = Debug|x86
		{FA3E7D44-12F5-4656-9814-75234814C4FE}.Release|Any CPU.ActiveCfg = Release|Any CPU
		{FA3E7D44-12F5-4656-9814-75234814C4FE}.Release|Any CPU.Build.0 = Release|Any CPU
		{FA3E7D44-12F5-4656-9814-75234814C4FE}.Release|Any CPU.Deploy.0 = Release|Any CPU
		{FA3E7D44-12F5-4656-9814-75234814C4FE}.Release|ARM.ActiveCfg = Release|ARM
		{FA3E7D44-12F5-4656-9814-75234814C4FE}.Release|ARM.Build.0 = Release|ARM
		{FA3E7D44-12F5-4656-9814-75234814C4FE}.Release|ARM.Deploy.0 = Release|ARM
		{FA3E7D44-12F5-4656-9814-75234814C4FE}.Release|iPhone.ActiveCfg = Release|Any CPU
		{FA3E7D44-12F5-4656-9814-75234814C4FE}.Release|iPhone.Build.0 = Release|Any CPU
		{FA3E7D44-12F5-4656-9814-75234814C4FE}.Release|iPhone.Deploy.0 = Release|Any CPU
		{FA3E7D44-12F5-4656-9814-75234814C4FE}.Release|iPhoneSimulator.ActiveCfg = Release|Any CPU
		{FA3E7D44-12F5-4656-9814-75234814C4FE}.Release|iPhoneSimulator.Build.0 = Release|Any CPU
		{FA3E7D44-12F5-4656-9814-75234814C4FE}.Release|iPhoneSimulator.Deploy.0 = Release|Any CPU
		{FA3E7D44-12F5-4656-9814-75234814C4FE}.Release|x64.ActiveCfg = Release|x64
		{FA3E7D44-12F5-4656-9814-75234814C4FE}.Release|x64.Build.0 = Release|x64
		{FA3E7D44-12F5-4656-9814-75234814C4FE}.Release|x64.Deploy.0 = Release|x64
		{FA3E7D44-12F5-4656-9814-75234814C4FE}.Release|x86.ActiveCfg = Release|x86
		{FA3E7D44-12F5-4656-9814-75234814C4FE}.Release|x86.Build.0 = Release|x86
		{FA3E7D44-12F5-4656-9814-75234814C4FE}.Release|x86.Deploy.0 = Release|x86
		{9C7F93F1-DC86-43BB-A8A6-3CADCE4417C5}.Ad-Hoc|Any CPU.ActiveCfg = Release|Any CPU
		{9C7F93F1-DC86-43BB-A8A6-3CADCE4417C5}.Ad-Hoc|Any CPU.Build.0 = Release|Any CPU
		{9C7F93F1-DC86-43BB-A8A6-3CADCE4417C5}.Ad-Hoc|ARM.ActiveCfg = Release|Any CPU
		{9C7F93F1-DC86-43BB-A8A6-3CADCE4417C5}.Ad-Hoc|ARM.Build.0 = Release|Any CPU
		{9C7F93F1-DC86-43BB-A8A6-3CADCE4417C5}.Ad-Hoc|iPhone.ActiveCfg = Release|Any CPU
		{9C7F93F1-DC86-43BB-A8A6-3CADCE4417C5}.Ad-Hoc|iPhone.Build.0 = Release|Any CPU
		{9C7F93F1-DC86-43BB-A8A6-3CADCE4417C5}.Ad-Hoc|iPhoneSimulator.ActiveCfg = Release|Any CPU
		{9C7F93F1-DC86-43BB-A8A6-3CADCE4417C5}.Ad-Hoc|iPhoneSimulator.Build.0 = Release|Any CPU
		{9C7F93F1-DC86-43BB-A8A6-3CADCE4417C5}.Ad-Hoc|x64.ActiveCfg = Release|Any CPU
		{9C7F93F1-DC86-43BB-A8A6-3CADCE4417C5}.Ad-Hoc|x64.Build.0 = Release|Any CPU
		{9C7F93F1-DC86-43BB-A8A6-3CADCE4417C5}.Ad-Hoc|x86.ActiveCfg = Release|Any CPU
		{9C7F93F1-DC86-43BB-A8A6-3CADCE4417C5}.Ad-Hoc|x86.Build.0 = Release|Any CPU
		{9C7F93F1-DC86-43BB-A8A6-3CADCE4417C5}.AppStore|Any CPU.ActiveCfg = Release|Any CPU
		{9C7F93F1-DC86-43BB-A8A6-3CADCE4417C5}.AppStore|Any CPU.Build.0 = Release|Any CPU
		{9C7F93F1-DC86-43BB-A8A6-3CADCE4417C5}.AppStore|ARM.ActiveCfg = Release|Any CPU
		{9C7F93F1-DC86-43BB-A8A6-3CADCE4417C5}.AppStore|ARM.Build.0 = Release|Any CPU
		{9C7F93F1-DC86-43BB-A8A6-3CADCE4417C5}.AppStore|iPhone.ActiveCfg = Release|Any CPU
		{9C7F93F1-DC86-43BB-A8A6-3CADCE4417C5}.AppStore|iPhone.Build.0 = Release|Any CPU
		{9C7F93F1-DC86-43BB-A8A6-3CADCE4417C5}.AppStore|iPhoneSimulator.ActiveCfg = Release|Any CPU
		{9C7F93F1-DC86-43BB-A8A6-3CADCE4417C5}.AppStore|iPhoneSimulator.Build.0 = Release|Any CPU
		{9C7F93F1-DC86-43BB-A8A6-3CADCE4417C5}.AppStore|x64.ActiveCfg = Release|Any CPU
		{9C7F93F1-DC86-43BB-A8A6-3CADCE4417C5}.AppStore|x64.Build.0 = Release|Any CPU
		{9C7F93F1-DC86-43BB-A8A6-3CADCE4417C5}.AppStore|x86.ActiveCfg = Release|Any CPU
		{9C7F93F1-DC86-43BB-A8A6-3CADCE4417C5}.AppStore|x86.Build.0 = Release|Any CPU
		{9C7F93F1-DC86-43BB-A8A6-3CADCE4417C5}.Debug|Any CPU.ActiveCfg = Debug|Any CPU
		{9C7F93F1-DC86-43BB-A8A6-3CADCE4417C5}.Debug|Any CPU.Build.0 = Debug|Any CPU
		{9C7F93F1-DC86-43BB-A8A6-3CADCE4417C5}.Debug|ARM.ActiveCfg = Debug|Any CPU
		{9C7F93F1-DC86-43BB-A8A6-3CADCE4417C5}.Debug|ARM.Build.0 = Debug|Any CPU
		{9C7F93F1-DC86-43BB-A8A6-3CADCE4417C5}.Debug|iPhone.ActiveCfg = Debug|Any CPU
		{9C7F93F1-DC86-43BB-A8A6-3CADCE4417C5}.Debug|iPhone.Build.0 = Debug|Any CPU
		{9C7F93F1-DC86-43BB-A8A6-3CADCE4417C5}.Debug|iPhoneSimulator.ActiveCfg = Debug|Any CPU
		{9C7F93F1-DC86-43BB-A8A6-3CADCE4417C5}.Debug|iPhoneSimulator.Build.0 = Debug|Any CPU
		{9C7F93F1-DC86-43BB-A8A6-3CADCE4417C5}.Debug|x64.ActiveCfg = Debug|Any CPU
		{9C7F93F1-DC86-43BB-A8A6-3CADCE4417C5}.Debug|x64.Build.0 = Debug|Any CPU
		{9C7F93F1-DC86-43BB-A8A6-3CADCE4417C5}.Debug|x86.ActiveCfg = Debug|Any CPU
		{9C7F93F1-DC86-43BB-A8A6-3CADCE4417C5}.Debug|x86.Build.0 = Debug|Any CPU
		{9C7F93F1-DC86-43BB-A8A6-3CADCE4417C5}.Release|Any CPU.ActiveCfg = Release|Any CPU
		{9C7F93F1-DC86-43BB-A8A6-3CADCE4417C5}.Release|Any CPU.Build.0 = Release|Any CPU
		{9C7F93F1-DC86-43BB-A8A6-3CADCE4417C5}.Release|ARM.ActiveCfg = Release|Any CPU
		{9C7F93F1-DC86-43BB-A8A6-3CADCE4417C5}.Release|ARM.Build.0 = Release|Any CPU
		{9C7F93F1-DC86-43BB-A8A6-3CADCE4417C5}.Release|iPhone.ActiveCfg = Release|Any CPU
		{9C7F93F1-DC86-43BB-A8A6-3CADCE4417C5}.Release|iPhone.Build.0 = Release|Any CPU
		{9C7F93F1-DC86-43BB-A8A6-3CADCE4417C5}.Release|iPhoneSimulator.ActiveCfg = Release|Any CPU
		{9C7F93F1-DC86-43BB-A8A6-3CADCE4417C5}.Release|iPhoneSimulator.Build.0 = Release|Any CPU
		{9C7F93F1-DC86-43BB-A8A6-3CADCE4417C5}.Release|x64.ActiveCfg = Release|Any CPU
		{9C7F93F1-DC86-43BB-A8A6-3CADCE4417C5}.Release|x64.Build.0 = Release|Any CPU
		{9C7F93F1-DC86-43BB-A8A6-3CADCE4417C5}.Release|x86.ActiveCfg = Release|Any CPU
		{9C7F93F1-DC86-43BB-A8A6-3CADCE4417C5}.Release|x86.Build.0 = Release|Any CPU
	EndGlobalSection
	GlobalSection(SolutionProperties) = preSolution
		HideSolutionNode = FALSE
	EndGlobalSection
	GlobalSection(NestedProjects) = preSolution
		{AF1EB376-0E5B-4C7F-8476-2EA99EFEED62} = {831F2414-5061-48ED-BC95-30250C5089F3}
		{8EB73B94-2EB2-4FBA-9CC1-1B4EA5EC4A7C} = {831F2414-5061-48ED-BC95-30250C5089F3}
		{B14329C7-440F-4BD4-A1E7-42EC5CD892C9} = {DE87D479-77EA-4A0D-86FA-2882D7E25F40}
		{4464189F-BC1A-4976-91A6-169457601624} = {DE87D479-77EA-4A0D-86FA-2882D7E25F40}
		{0A2D56EE-CB3E-4202-B70E-42FFFC78E37D} = {DE87D479-77EA-4A0D-86FA-2882D7E25F40}
		{39D30E53-EDD4-4596-8614-BBD9A1645E86} = {DE87D479-77EA-4A0D-86FA-2882D7E25F40}
		{FA3E7D44-12F5-4656-9814-75234814C4FE} = {DE87D479-77EA-4A0D-86FA-2882D7E25F40}
		{9C7F93F1-DC86-43BB-A8A6-3CADCE4417C5} = {DE87D479-77EA-4A0D-86FA-2882D7E25F40}
	EndGlobalSection
EndGlobal
